// !$*UTF8*$!
{
	archiveVersion = 1;
	classes = {
	};
	objectVersion = 46;
	objects = {

/* Begin PBXAggregateTarget section */
		AE9DE65C1A8F27780085776F /* Ejoy2dxFramework */ = {
			isa = PBXAggregateTarget;
			buildConfigurationList = AE9DE65D1A8F27780085776F /* Build configuration list for PBXAggregateTarget "Ejoy2dxFramework" */;
			buildPhases = (
				AE9DE6641A8F27990085776F /* Build Framework */,
			);
			dependencies = (
				AE9DE6631A8F278E0085776F /* PBXTargetDependency */,
				AE9DE6611A8F27880085776F /* PBXTargetDependency */,
			);
			name = Ejoy2dxFramework;
			productName = Ejoy2dxFramework;
		};
/* End PBXAggregateTarget section */

/* Begin PBXBuildFile section */
		AE421EBC1ED406210085EDA6 /* lk_bgm.c in Sources */ = {isa = PBXBuildFile; fileRef = AE421EB71ED406210085EDA6 /* lk_bgm.c */; };
		AE421EBD1ED406210085EDA6 /* lk_decode.c in Sources */ = {isa = PBXBuildFile; fileRef = AE421EB81ED406210085EDA6 /* lk_decode.c */; };
		AE421EBE1ED406210085EDA6 /* lk_decode.h in Headers */ = {isa = PBXBuildFile; fileRef = AE421EB91ED406210085EDA6 /* lk_decode.h */; };
		AE421EBF1ED406210085EDA6 /* lk_util.c in Sources */ = {isa = PBXBuildFile; fileRef = AE421EBA1ED406210085EDA6 /* lk_util.c */; };
		AE421EC01ED406210085EDA6 /* lk_util.h in Headers */ = {isa = PBXBuildFile; fileRef = AE421EBB1ED406210085EDA6 /* lk_util.h */; };
		AE421EC51ED406640085EDA6 /* bgm_ios.m in Sources */ = {isa = PBXBuildFile; fileRef = AE421EC41ED406640085EDA6 /* bgm_ios.m */; };
		AE421EC81ED406D20085EDA6 /* oal.c in Sources */ = {isa = PBXBuildFile; fileRef = AE421EC71ED406D20085EDA6 /* oal.c */; };
		AE421ECA1ED4078A0085EDA6 /* platform_init.c in Sources */ = {isa = PBXBuildFile; fileRef = AE421EC91ED4078A0085EDA6 /* platform_init.c */; };
		AE5C16E21B4FCA4F00666B0E /* lgeometry.c in Sources */ = {isa = PBXBuildFile; fileRef = AE5C16E11B4FCA4F00666B0E /* lgeometry.c */; };
		AE5C16E61B5E4DAB00666B0E /* lutls.c in Sources */ = {isa = PBXBuildFile; fileRef = AE5C16E41B5E4DAB00666B0E /* lutls.c */; };
		AE5C16E71B5E4DAB00666B0E /* lutls.h in Headers */ = {isa = PBXBuildFile; fileRef = AE5C16E51B5E4DAB00666B0E /* lutls.h */; };
		AE71046B1C112A0E00B525A4 /* 7zCrc.c in Sources */ = {isa = PBXBuildFile; fileRef = AE7104391C112A0E00B525A4 /* 7zCrc.c */; };
		AE71046C1C112A0E00B525A4 /* 7zCrc.h in Headers */ = {isa = PBXBuildFile; fileRef = AE71043A1C112A0E00B525A4 /* 7zCrc.h */; };
		AE71046D1C112A0E00B525A4 /* 7zCrcOpt.c in Sources */ = {isa = PBXBuildFile; fileRef = AE71043B1C112A0E00B525A4 /* 7zCrcOpt.c */; };
		AE71046E1C112A0E00B525A4 /* 7zStream.c in Sources */ = {isa = PBXBuildFile; fileRef = AE71043C1C112A0E00B525A4 /* 7zStream.c */; };
		AE71046F1C112A0E00B525A4 /* Bcj2.c in Sources */ = {isa = PBXBuildFile; fileRef = AE71043D1C112A0E00B525A4 /* Bcj2.c */; };
		AE7104701C112A0E00B525A4 /* Bcj2.h in Headers */ = {isa = PBXBuildFile; fileRef = AE71043E1C112A0E00B525A4 /* Bcj2.h */; };
		AE7104711C112A0E00B525A4 /* Bra.c in Sources */ = {isa = PBXBuildFile; fileRef = AE71043F1C112A0E00B525A4 /* Bra.c */; };
		AE7104721C112A0E00B525A4 /* Bra.h in Headers */ = {isa = PBXBuildFile; fileRef = AE7104401C112A0E00B525A4 /* Bra.h */; };
		AE7104731C112A0E00B525A4 /* Bra86.c in Sources */ = {isa = PBXBuildFile; fileRef = AE7104411C112A0E00B525A4 /* Bra86.c */; };
		AE7104741C112A0E00B525A4 /* BraIA64.c in Sources */ = {isa = PBXBuildFile; fileRef = AE7104421C112A0E00B525A4 /* BraIA64.c */; };
		AE7104751C112A0E00B525A4 /* CpuArch.c in Sources */ = {isa = PBXBuildFile; fileRef = AE7104431C112A0E00B525A4 /* CpuArch.c */; };
		AE7104761C112A0E00B525A4 /* CpuArch.h in Headers */ = {isa = PBXBuildFile; fileRef = AE7104441C112A0E00B525A4 /* CpuArch.h */; };
		AE7104771C112A0E00B525A4 /* Delta.c in Sources */ = {isa = PBXBuildFile; fileRef = AE7104451C112A0E00B525A4 /* Delta.c */; };
		AE7104781C112A0E00B525A4 /* Delta.h in Headers */ = {isa = PBXBuildFile; fileRef = AE7104461C112A0E00B525A4 /* Delta.h */; };
		AE7104791C112A0E00B525A4 /* llzma.c in Sources */ = {isa = PBXBuildFile; fileRef = AE7104471C112A0E00B525A4 /* llzma.c */; };
		AE71047A1C112A0E00B525A4 /* LzAlloc.c in Sources */ = {isa = PBXBuildFile; fileRef = AE7104481C112A0E00B525A4 /* LzAlloc.c */; };
		AE71047B1C112A0E00B525A4 /* LzAlloc.h in Headers */ = {isa = PBXBuildFile; fileRef = AE7104491C112A0E00B525A4 /* LzAlloc.h */; };
		AE71047C1C112A0E00B525A4 /* LzFind.c in Sources */ = {isa = PBXBuildFile; fileRef = AE71044A1C112A0E00B525A4 /* LzFind.c */; };
		AE71047D1C112A0E00B525A4 /* LzFind.h in Headers */ = {isa = PBXBuildFile; fileRef = AE71044B1C112A0E00B525A4 /* LzFind.h */; };
		AE71047E1C112A0E00B525A4 /* LzHash.h in Headers */ = {isa = PBXBuildFile; fileRef = AE71044C1C112A0E00B525A4 /* LzHash.h */; };
		AE71047F1C112A0E00B525A4 /* Lzma2Dec.c in Sources */ = {isa = PBXBuildFile; fileRef = AE71044D1C112A0E00B525A4 /* Lzma2Dec.c */; };
		AE7104801C112A0E00B525A4 /* Lzma2Dec.h in Headers */ = {isa = PBXBuildFile; fileRef = AE71044E1C112A0E00B525A4 /* Lzma2Dec.h */; };
		AE7104811C112A0E00B525A4 /* Lzma2Enc.c in Sources */ = {isa = PBXBuildFile; fileRef = AE71044F1C112A0E00B525A4 /* Lzma2Enc.c */; };
		AE7104821C112A0E00B525A4 /* Lzma2Enc.h in Headers */ = {isa = PBXBuildFile; fileRef = AE7104501C112A0E00B525A4 /* Lzma2Enc.h */; };
		AE7104831C112A0E00B525A4 /* Lzma86.h in Headers */ = {isa = PBXBuildFile; fileRef = AE7104511C112A0E00B525A4 /* Lzma86.h */; };
		AE7104841C112A0E00B525A4 /* Lzma86Dec.c in Sources */ = {isa = PBXBuildFile; fileRef = AE7104521C112A0E00B525A4 /* Lzma86Dec.c */; };
		AE7104851C112A0E00B525A4 /* Lzma86Enc.c in Sources */ = {isa = PBXBuildFile; fileRef = AE7104531C112A0E00B525A4 /* Lzma86Enc.c */; };
		AE7104861C112A0E00B525A4 /* LzmaDec.c in Sources */ = {isa = PBXBuildFile; fileRef = AE7104541C112A0E00B525A4 /* LzmaDec.c */; };
		AE7104871C112A0E00B525A4 /* LzmaDec.h in Headers */ = {isa = PBXBuildFile; fileRef = AE7104551C112A0E00B525A4 /* LzmaDec.h */; };
		AE7104881C112A0E00B525A4 /* LzmaEnc.c in Sources */ = {isa = PBXBuildFile; fileRef = AE7104561C112A0E00B525A4 /* LzmaEnc.c */; };
		AE7104891C112A0E00B525A4 /* LzmaEnc.h in Headers */ = {isa = PBXBuildFile; fileRef = AE7104571C112A0E00B525A4 /* LzmaEnc.h */; };
		AE71048A1C112A0E00B525A4 /* LzmaLib.c in Sources */ = {isa = PBXBuildFile; fileRef = AE7104581C112A0E00B525A4 /* LzmaLib.c */; };
		AE71048B1C112A0E00B525A4 /* LzmaLib.h in Headers */ = {isa = PBXBuildFile; fileRef = AE7104591C112A0E00B525A4 /* LzmaLib.h */; };
		AE71048C1C112A0E00B525A4 /* Ppmd.h in Headers */ = {isa = PBXBuildFile; fileRef = AE71045A1C112A0E00B525A4 /* Ppmd.h */; };
		AE71048D1C112A0E00B525A4 /* Ppmd7.c in Sources */ = {isa = PBXBuildFile; fileRef = AE71045B1C112A0E00B525A4 /* Ppmd7.c */; };
		AE71048E1C112A0E00B525A4 /* Ppmd7.h in Headers */ = {isa = PBXBuildFile; fileRef = AE71045C1C112A0E00B525A4 /* Ppmd7.h */; };
		AE71048F1C112A0E00B525A4 /* Ppmd7Dec.c in Sources */ = {isa = PBXBuildFile; fileRef = AE71045D1C112A0E00B525A4 /* Ppmd7Dec.c */; };
		AE7104901C112A0E00B525A4 /* Ppmd7Enc.c in Sources */ = {isa = PBXBuildFile; fileRef = AE71045E1C112A0E00B525A4 /* Ppmd7Enc.c */; };
		AE7104911C112A0E00B525A4 /* RotateDefs.h in Headers */ = {isa = PBXBuildFile; fileRef = AE71045F1C112A0E00B525A4 /* RotateDefs.h */; };
		AE7104921C112A0E00B525A4 /* Sha256.c in Sources */ = {isa = PBXBuildFile; fileRef = AE7104601C112A0E00B525A4 /* Sha256.c */; };
		AE7104931C112A0E00B525A4 /* Sha256.h in Headers */ = {isa = PBXBuildFile; fileRef = AE7104611C112A0E00B525A4 /* Sha256.h */; };
		AE7104941C112A0E00B525A4 /* Types.h in Headers */ = {isa = PBXBuildFile; fileRef = AE7104621C112A0E00B525A4 /* Types.h */; };
		AE7104951C112A0E00B525A4 /* Xz.c in Sources */ = {isa = PBXBuildFile; fileRef = AE7104631C112A0E00B525A4 /* Xz.c */; };
		AE7104961C112A0E00B525A4 /* Xz.h in Headers */ = {isa = PBXBuildFile; fileRef = AE7104641C112A0E00B525A4 /* Xz.h */; };
		AE7104971C112A0E00B525A4 /* XzCrc64.c in Sources */ = {isa = PBXBuildFile; fileRef = AE7104651C112A0E00B525A4 /* XzCrc64.c */; };
		AE7104981C112A0E00B525A4 /* XzCrc64.h in Headers */ = {isa = PBXBuildFile; fileRef = AE7104661C112A0E00B525A4 /* XzCrc64.h */; };
		AE7104991C112A0E00B525A4 /* XzDec.c in Sources */ = {isa = PBXBuildFile; fileRef = AE7104671C112A0E00B525A4 /* XzDec.c */; };
		AE71049A1C112A0E00B525A4 /* XzEnc.c in Sources */ = {isa = PBXBuildFile; fileRef = AE7104681C112A0E00B525A4 /* XzEnc.c */; };
		AE71049B1C112A0E00B525A4 /* XzEnc.h in Headers */ = {isa = PBXBuildFile; fileRef = AE7104691C112A0E00B525A4 /* XzEnc.h */; };
		AE71049C1C112A0E00B525A4 /* XzIn.c in Sources */ = {isa = PBXBuildFile; fileRef = AE71046A1C112A0E00B525A4 /* XzIn.c */; };
		AE75C0CF1C0FDBC700A839A2 /* easing.c in Sources */ = {isa = PBXBuildFile; fileRef = AE75C0CC1C0FDBC700A839A2 /* easing.c */; };
		AE75C0D01C0FDBC700A839A2 /* easing.h in Headers */ = {isa = PBXBuildFile; fileRef = AE75C0CD1C0FDBC700A839A2 /* easing.h */; };
		AE75C0D11C0FDBC700A839A2 /* leasing.c in Sources */ = {isa = PBXBuildFile; fileRef = AE75C0CE1C0FDBC700A839A2 /* leasing.c */; };
		AE9DE61D1A8F21F70085776F /* array.h in Headers */ = {isa = PBXBuildFile; fileRef = AE9DE5F21A8F21F60085776F /* array.h */; };
		AE9DE61E1A8F21F70085776F /* dfont.c in Sources */ = {isa = PBXBuildFile; fileRef = AE9DE5F31A8F21F60085776F /* dfont.c */; };
		AE9DE61F1A8F21F70085776F /* dfont.h in Headers */ = {isa = PBXBuildFile; fileRef = AE9DE5F41A8F21F60085776F /* dfont.h */; };
		AE9DE6201A8F21F70085776F /* ejoy2d.h in Headers */ = {isa = PBXBuildFile; fileRef = AE9DE5F51A8F21F60085776F /* ejoy2d.h */; };
		AE9DE6211A8F21F70085776F /* ejoy2dgame.c in Sources */ = {isa = PBXBuildFile; fileRef = AE9DE5F61A8F21F60085776F /* ejoy2dgame.c */; };
		AE9DE6221A8F21F70085776F /* ejoy2dgame.h in Headers */ = {isa = PBXBuildFile; fileRef = AE9DE5F71A8F21F60085776F /* ejoy2dgame.h */; settings = {ATTRIBUTES = (Public, ); }; };
		AE9DE6231A8F21F70085776F /* fault.c in Sources */ = {isa = PBXBuildFile; fileRef = AE9DE5F81A8F21F60085776F /* fault.c */; };
		AE9DE6241A8F21F70085776F /* fault.h in Headers */ = {isa = PBXBuildFile; fileRef = AE9DE5F91A8F21F60085776F /* fault.h */; };
		AE9DE6251A8F21F70085776F /* label.c in Sources */ = {isa = PBXBuildFile; fileRef = AE9DE5FA1A8F21F60085776F /* label.c */; };
		AE9DE6261A8F21F70085776F /* label.h in Headers */ = {isa = PBXBuildFile; fileRef = AE9DE5FB1A8F21F60085776F /* label.h */; };
		AE9DE6271A8F21F70085776F /* list.h in Headers */ = {isa = PBXBuildFile; fileRef = AE9DE5FC1A8F21F60085776F /* list.h */; };
		AE9DE6281A8F21F70085776F /* lmatrix.c in Sources */ = {isa = PBXBuildFile; fileRef = AE9DE5FD1A8F21F60085776F /* lmatrix.c */; };
		AE9DE6291A8F21F70085776F /* lmatrix.h in Headers */ = {isa = PBXBuildFile; fileRef = AE9DE5FE1A8F21F60085776F /* lmatrix.h */; };
		AE9DE62A1A8F21F70085776F /* lparticle.c in Sources */ = {isa = PBXBuildFile; fileRef = AE9DE5FF1A8F21F60085776F /* lparticle.c */; };
		AE9DE62B1A8F21F70085776F /* lrenderbuffer.c in Sources */ = {isa = PBXBuildFile; fileRef = AE9DE6001A8F21F60085776F /* lrenderbuffer.c */; };
		AE9DE62C1A8F21F70085776F /* lrenderbuffer.h in Headers */ = {isa = PBXBuildFile; fileRef = AE9DE6011A8F21F60085776F /* lrenderbuffer.h */; };
		AE9DE62D1A8F21F70085776F /* lshader.c in Sources */ = {isa = PBXBuildFile; fileRef = AE9DE6021A8F21F60085776F /* lshader.c */; };
		AE9DE62E1A8F21F70085776F /* lsprite.c in Sources */ = {isa = PBXBuildFile; fileRef = AE9DE6031A8F21F60085776F /* lsprite.c */; };
		AE9DE62F1A8F21F70085776F /* material.h in Headers */ = {isa = PBXBuildFile; fileRef = AE9DE6041A8F21F60085776F /* material.h */; };
		AE9DE6301A8F21F70085776F /* matrix.c in Sources */ = {isa = PBXBuildFile; fileRef = AE9DE6051A8F21F60085776F /* matrix.c */; };
		AE9DE6311A8F21F70085776F /* matrix.h in Headers */ = {isa = PBXBuildFile; fileRef = AE9DE6061A8F21F60085776F /* matrix.h */; };
		AE9DE6321A8F21F70085776F /* opengl.h in Headers */ = {isa = PBXBuildFile; fileRef = AE9DE6071A8F21F60085776F /* opengl.h */; };
		AE9DE6331A8F21F70085776F /* particle.c in Sources */ = {isa = PBXBuildFile; fileRef = AE9DE6081A8F21F60085776F /* particle.c */; };
		AE9DE6341A8F21F70085776F /* particle.h in Headers */ = {isa = PBXBuildFile; fileRef = AE9DE6091A8F21F60085776F /* particle.h */; };
		AE9DE6351A8F21F70085776F /* platform_print.h in Headers */ = {isa = PBXBuildFile; fileRef = AE9DE60A1A8F21F60085776F /* platform_print.h */; };
		AE9DE6361A8F21F70085776F /* ppm.c in Sources */ = {isa = PBXBuildFile; fileRef = AE9DE60B1A8F21F60085776F /* ppm.c */; };
		AE9DE6371A8F21F70085776F /* ppm.h in Headers */ = {isa = PBXBuildFile; fileRef = AE9DE60C1A8F21F60085776F /* ppm.h */; };
		AE9DE6381A8F21F70085776F /* renderbuffer.c in Sources */ = {isa = PBXBuildFile; fileRef = AE9DE60D1A8F21F60085776F /* renderbuffer.c */; };
		AE9DE6391A8F21F70085776F /* renderbuffer.h in Headers */ = {isa = PBXBuildFile; fileRef = AE9DE60E1A8F21F60085776F /* renderbuffer.h */; };
		AE9DE63A1A8F21F70085776F /* scissor.c in Sources */ = {isa = PBXBuildFile; fileRef = AE9DE60F1A8F21F60085776F /* scissor.c */; };
		AE9DE63B1A8F21F70085776F /* scissor.h in Headers */ = {isa = PBXBuildFile; fileRef = AE9DE6101A8F21F60085776F /* scissor.h */; };
		AE9DE63C1A8F21F70085776F /* screen.c in Sources */ = {isa = PBXBuildFile; fileRef = AE9DE6111A8F21F60085776F /* screen.c */; };
		AE9DE63D1A8F21F70085776F /* screen.h in Headers */ = {isa = PBXBuildFile; fileRef = AE9DE6121A8F21F60085776F /* screen.h */; };
		AE9DE63E1A8F21F70085776F /* screenshot.c in Sources */ = {isa = PBXBuildFile; fileRef = AE9DE6131A8F21F60085776F /* screenshot.c */; };
		AE9DE63F1A8F21F70085776F /* screenshot.h in Headers */ = {isa = PBXBuildFile; fileRef = AE9DE6141A8F21F60085776F /* screenshot.h */; };
		AE9DE6401A8F21F70085776F /* shader.c in Sources */ = {isa = PBXBuildFile; fileRef = AE9DE6151A8F21F60085776F /* shader.c */; };
		AE9DE6411A8F21F70085776F /* shader.h in Headers */ = {isa = PBXBuildFile; fileRef = AE9DE6161A8F21F60085776F /* shader.h */; };
		AE9DE6421A8F21F70085776F /* sprite.c in Sources */ = {isa = PBXBuildFile; fileRef = AE9DE6171A8F21F60085776F /* sprite.c */; };
		AE9DE6431A8F21F70085776F /* sprite.h in Headers */ = {isa = PBXBuildFile; fileRef = AE9DE6181A8F21F60085776F /* sprite.h */; };
		AE9DE6441A8F21F70085776F /* spritepack.c in Sources */ = {isa = PBXBuildFile; fileRef = AE9DE6191A8F21F60085776F /* spritepack.c */; };
		AE9DE6451A8F21F70085776F /* spritepack.h in Headers */ = {isa = PBXBuildFile; fileRef = AE9DE61A1A8F21F70085776F /* spritepack.h */; };
		AE9DE6461A8F21F70085776F /* texture.c in Sources */ = {isa = PBXBuildFile; fileRef = AE9DE61B1A8F21F70085776F /* texture.c */; };
		AE9DE6471A8F21F70085776F /* texture.h in Headers */ = {isa = PBXBuildFile; fileRef = AE9DE61C1A8F21F70085776F /* texture.h */; };
		AE9DE6501A8F220C0085776F /* blendmode.h in Headers */ = {isa = PBXBuildFile; fileRef = AE9DE6481A8F220C0085776F /* blendmode.h */; };
		AE9DE6511A8F220C0085776F /* block.h in Headers */ = {isa = PBXBuildFile; fileRef = AE9DE6491A8F220C0085776F /* block.h */; };
		AE9DE6521A8F220D0085776F /* carray.c in Sources */ = {isa = PBXBuildFile; fileRef = AE9DE64A1A8F220C0085776F /* carray.c */; };
		AE9DE6531A8F220D0085776F /* carray.h in Headers */ = {isa = PBXBuildFile; fileRef = AE9DE64B1A8F220C0085776F /* carray.h */; };
		AE9DE6541A8F220D0085776F /* log.c in Sources */ = {isa = PBXBuildFile; fileRef = AE9DE64C1A8F220C0085776F /* log.c */; };
		AE9DE6551A8F220D0085776F /* log.h in Headers */ = {isa = PBXBuildFile; fileRef = AE9DE64D1A8F220C0085776F /* log.h */; };
		AE9DE6561A8F220D0085776F /* render.c in Sources */ = {isa = PBXBuildFile; fileRef = AE9DE64E1A8F220C0085776F /* render.c */; };
		AE9DE6571A8F220D0085776F /* render.h in Headers */ = {isa = PBXBuildFile; fileRef = AE9DE64F1A8F220C0085776F /* render.h */; };
		AE9DE68C1A8F2EE90085776F /* lualibs.c in Sources */ = {isa = PBXBuildFile; fileRef = AE9DE6891A8F2EE90085776F /* lualibs.c */; };
		AE9DE68D1A8F2EE90085776F /* lualibs.h in Headers */ = {isa = PBXBuildFile; fileRef = AE9DE68A1A8F2EE90085776F /* lualibs.h */; };
		AE9DE68E1A8F2EE90085776F /* serialize.c in Sources */ = {isa = PBXBuildFile; fileRef = AE9DE68B1A8F2EE90085776F /* serialize.c */; };
		AE9DE6931A8F2F160085776F /* image.c in Sources */ = {isa = PBXBuildFile; fileRef = AE9DE6901A8F2F160085776F /* image.c */; };
		AE9DE6941A8F2F160085776F /* stb_image_write.h in Headers */ = {isa = PBXBuildFile; fileRef = AE9DE6911A8F2F160085776F /* stb_image_write.h */; };
		AE9DE6951A8F2F160085776F /* stb_image.h in Headers */ = {isa = PBXBuildFile; fileRef = AE9DE6921A8F2F160085776F /* stb_image.h */; };
		AE9DE69D1A8F2F3F0085776F /* debug_log.h in Headers */ = {isa = PBXBuildFile; fileRef = AE9DE6971A8F2F3F0085776F /* debug_log.h */; };
		AE9DE69E1A8F2F3F0085776F /* filesystem.h in Headers */ = {isa = PBXBuildFile; fileRef = AE9DE6981A8F2F3F0085776F /* filesystem.h */; };
		AE9DE69F1A8F2F3F0085776F /* lhttplib.h in Headers */ = {isa = PBXBuildFile; fileRef = AE9DE6991A8F2F3F0085776F /* lhttplib.h */; };
		AE9DE6A01A8F2F3F0085776F /* liosutil.h in Headers */ = {isa = PBXBuildFile; fileRef = AE9DE69A1A8F2F3F0085776F /* liosutil.h */; };
		AE9DE6A11A8F2F3F0085776F /* platform_init.h in Headers */ = {isa = PBXBuildFile; fileRef = AE9DE69B1A8F2F3F0085776F /* platform_init.h */; };
		AE9DE6A21A8F2F3F0085776F /* sound.h in Headers */ = {isa = PBXBuildFile; fileRef = AE9DE69C1A8F2F3F0085776F /* sound.h */; };
		AE9DE6A71A8F2F640085776F /* filesystem.c in Sources */ = {isa = PBXBuildFile; fileRef = AE9DE6A41A8F2F640085776F /* filesystem.c */; };
		AE9DE6A81A8F2F640085776F /* font.m in Sources */ = {isa = PBXBuildFile; fileRef = AE9DE6A51A8F2F640085776F /* font.m */; };
		AE9DE6A91A8F2F640085776F /* liosutil.m in Sources */ = {isa = PBXBuildFile; fileRef = AE9DE6A61A8F2F640085776F /* liosutil.m */; };
		AE9DE6AD1A8F30800085776F /* Foundation.framework in Frameworks */ = {isa = PBXBuildFile; fileRef = AE9DE6AC1A8F30800085776F /* Foundation.framework */; };
		AED31F3D1BE3439800763B22 /* ad_mp3.c in Sources */ = {isa = PBXBuildFile; fileRef = AED31F381BE3439800763B22 /* ad_mp3.c */; };
		AED31F3E1BE3439800763B22 /* ad_ogg.c in Sources */ = {isa = PBXBuildFile; fileRef = AED31F391BE3439800763B22 /* ad_ogg.c */; };
		AED31F3F1BE3439800763B22 /* ad_tools.c in Sources */ = {isa = PBXBuildFile; fileRef = AED31F3A1BE3439800763B22 /* ad_tools.c */; };
		AED31F401BE3439800763B22 /* ad_wav.c in Sources */ = {isa = PBXBuildFile; fileRef = AED31F3B1BE3439800763B22 /* ad_wav.c */; };
		AEEA43421DB7749F0000998B /* emitter_wrap.c in Sources */ = {isa = PBXBuildFile; fileRef = AEEA43311DB7749F0000998B /* emitter_wrap.c */; };
		AEEA43431DB7749F0000998B /* lyaml.c in Sources */ = {isa = PBXBuildFile; fileRef = AEEA43321DB7749F0000998B /* lyaml.c */; };
		AEEA43441DB7749F0000998B /* lyaml.h in Headers */ = {isa = PBXBuildFile; fileRef = AEEA43331DB7749F0000998B /* lyaml.h */; };
		AEEA43451DB7749F0000998B /* parser_wrap.c in Sources */ = {isa = PBXBuildFile; fileRef = AEEA43341DB7749F0000998B /* parser_wrap.c */; };
		AEEA43461DB7749F0000998B /* scanner_wrap.c in Sources */ = {isa = PBXBuildFile; fileRef = AEEA43351DB7749F0000998B /* scanner_wrap.c */; };
		AEEA43471DB7749F0000998B /* api.c in Sources */ = {isa = PBXBuildFile; fileRef = AEEA43371DB7749F0000998B /* api.c */; };
		AEEA43481DB7749F0000998B /* config.h in Headers */ = {isa = PBXBuildFile; fileRef = AEEA43381DB7749F0000998B /* config.h */; };
		AEEA43491DB7749F0000998B /* dumper.c in Sources */ = {isa = PBXBuildFile; fileRef = AEEA43391DB7749F0000998B /* dumper.c */; };
		AEEA434A1DB7749F0000998B /* emitter.c in Sources */ = {isa = PBXBuildFile; fileRef = AEEA433A1DB7749F0000998B /* emitter.c */; };
		AEEA434B1DB7749F0000998B /* loader.c in Sources */ = {isa = PBXBuildFile; fileRef = AEEA433B1DB7749F0000998B /* loader.c */; };
		AEEA434C1DB7749F0000998B /* parser.c in Sources */ = {isa = PBXBuildFile; fileRef = AEEA433C1DB7749F0000998B /* parser.c */; };
		AEEA434D1DB7749F0000998B /* reader.c in Sources */ = {isa = PBXBuildFile; fileRef = AEEA433D1DB7749F0000998B /* reader.c */; };
		AEEA434E1DB7749F0000998B /* scanner.c in Sources */ = {isa = PBXBuildFile; fileRef = AEEA433E1DB7749F0000998B /* scanner.c */; };
		AEEA434F1DB7749F0000998B /* writer.c in Sources */ = {isa = PBXBuildFile; fileRef = AEEA433F1DB7749F0000998B /* writer.c */; };
		AEEA43501DB7749F0000998B /* yaml.h in Headers */ = {isa = PBXBuildFile; fileRef = AEEA43401DB7749F0000998B /* yaml.h */; };
		AEEA43511DB7749F0000998B /* yaml_private.h in Headers */ = {isa = PBXBuildFile; fileRef = AEEA43411DB7749F0000998B /* yaml_private.h */; };
		E6E8D42F1B7E3F240049F8AC /* lpeg.c in Sources */ = {isa = PBXBuildFile; fileRef = E6E8D42D1B7E3F240049F8AC /* lpeg.c */; };
		E6E8D4301B7E3F240049F8AC /* lpeg.h in Headers */ = {isa = PBXBuildFile; fileRef = E6E8D42E1B7E3F240049F8AC /* lpeg.h */; };
		E6E8D4331B7E406D0049F8AC /* lsocket.c in Sources */ = {isa = PBXBuildFile; fileRef = E6E8D4321B7E406D0049F8AC /* lsocket.c */; };
		E6E8D4381B7E40BE0049F8AC /* lsproto.c in Sources */ = {isa = PBXBuildFile; fileRef = E6E8D4351B7E40BE0049F8AC /* lsproto.c */; };
		E6E8D4391B7E40BE0049F8AC /* sproto.c in Sources */ = {isa = PBXBuildFile; fileRef = E6E8D4361B7E40BE0049F8AC /* sproto.c */; };
		E6E8D43A1B7E40BE0049F8AC /* sproto.h in Headers */ = {isa = PBXBuildFile; fileRef = E6E8D4371B7E40BE0049F8AC /* sproto.h */; };
		E6E8D43D1B7E41030049F8AC /* lcrypt.c in Sources */ = {isa = PBXBuildFile; fileRef = E6E8D43B1B7E41030049F8AC /* lcrypt.c */; };
		E6E8D43E1B7E41030049F8AC /* ltimesync.c in Sources */ = {isa = PBXBuildFile; fileRef = E6E8D43C1B7E41030049F8AC /* ltimesync.c */; };
		E6EFA5381AB33AC600D42B66 /* lmonitor.c in Sources */ = {isa = PBXBuildFile; fileRef = E6EFA5371AB33AC600D42B66 /* lmonitor.c */; };
/* End PBXBuildFile section */

/* Begin PBXContainerItemProxy section */
		AE9DE4731A8E09580085776F /* PBXContainerItemProxy */ = {
			isa = PBXContainerItemProxy;
			containerPortal = AE9DE46E1A8E09580085776F /* lua.xcodeproj */;
			proxyType = 2;
			remoteGlobalIDString = AE9DE2AE1A8DF41F0085776F;
			remoteInfo = lua;
		};
		AE9DE6601A8F27880085776F /* PBXContainerItemProxy */ = {
			isa = PBXContainerItemProxy;
			containerPortal = AE9DDFA31A8DAFE90085776F /* Project object */;
			proxyType = 1;
			remoteGlobalIDString = AE9DDFAA1A8DAFE90085776F;
			remoteInfo = ejoy2dx;
		};
		AE9DE6621A8F278E0085776F /* PBXContainerItemProxy */ = {
			isa = PBXContainerItemProxy;
			containerPortal = AE9DE46E1A8E09580085776F /* lua.xcodeproj */;
			proxyType = 1;
			remoteGlobalIDString = AE9DE2AD1A8DF41F0085776F;
			remoteInfo = lua;
		};
		AE9DE6AA1A8F2FC40085776F /* PBXContainerItemProxy */ = {
			isa = PBXContainerItemProxy;
			containerPortal = AE9DE46E1A8E09580085776F /* lua.xcodeproj */;
			proxyType = 1;
			remoteGlobalIDString = AE9DE2AD1A8DF41F0085776F;
			remoteInfo = lua;
		};
/* End PBXContainerItemProxy section */

/* Begin PBXCopyFilesBuildPhase section */
		AE9DDFA91A8DAFE90085776F /* CopyFiles */ = {
			isa = PBXCopyFilesBuildPhase;
			buildActionMask = 2147483647;
			dstPath = "include/$(PRODUCT_NAME)";
			dstSubfolderSpec = 16;
			files = (
			);
			runOnlyForDeploymentPostprocessing = 0;
		};
/* End PBXCopyFilesBuildPhase section */

/* Begin PBXFileReference section */
		AE421EB71ED406210085EDA6 /* lk_bgm.c */ = {isa = PBXFileReference; fileEncoding = 4; lastKnownFileType = sourcecode.c.c; name = lk_bgm.c; path = ../../../../../src/clib/Liekkas/src/lk_bgm.c; sourceTree = "<group>"; };
		AE421EB81ED406210085EDA6 /* lk_decode.c */ = {isa = PBXFileReference; fileEncoding = 4; lastKnownFileType = sourcecode.c.c; name = lk_decode.c; path = ../../../../../src/clib/Liekkas/src/lk_decode.c; sourceTree = "<group>"; };
		AE421EB91ED406210085EDA6 /* lk_decode.h */ = {isa = PBXFileReference; fileEncoding = 4; lastKnownFileType = sourcecode.c.h; name = lk_decode.h; path = ../../../../../src/clib/Liekkas/src/lk_decode.h; sourceTree = "<group>"; };
		AE421EBA1ED406210085EDA6 /* lk_util.c */ = {isa = PBXFileReference; fileEncoding = 4; lastKnownFileType = sourcecode.c.c; name = lk_util.c; path = ../../../../../src/clib/Liekkas/src/lk_util.c; sourceTree = "<group>"; };
		AE421EBB1ED406210085EDA6 /* lk_util.h */ = {isa = PBXFileReference; fileEncoding = 4; lastKnownFileType = sourcecode.c.h; name = lk_util.h; path = ../../../../../src/clib/Liekkas/src/lk_util.h; sourceTree = "<group>"; };
		AE421EC41ED406640085EDA6 /* bgm_ios.m */ = {isa = PBXFileReference; fileEncoding = 4; lastKnownFileType = sourcecode.c.objc; name = bgm_ios.m; path = ../../../../../src/clib/Liekkas/src/bgm/bgm_ios.m; sourceTree = "<group>"; };
		AE421EC71ED406D20085EDA6 /* oal.c */ = {isa = PBXFileReference; fileEncoding = 4; lastKnownFileType = sourcecode.c.c; name = oal.c; path = ../../../../../src/clib/Liekkas/src/openal/oal.c; sourceTree = "<group>"; };
		AE421EC91ED4078A0085EDA6 /* platform_init.c */ = {isa = PBXFileReference; fileEncoding = 4; lastKnownFileType = sourcecode.c.c; name = platform_init.c; path = ../../../src/platform_init.c; sourceTree = "<group>"; };
		AE5C16E11B4FCA4F00666B0E /* lgeometry.c */ = {isa = PBXFileReference; fileEncoding = 4; lastKnownFileType = sourcecode.c.c; name = lgeometry.c; path = ../../../../../ejoy2d/lib/lgeometry.c; sourceTree = "<group>"; };
		AE5C16E41B5E4DAB00666B0E /* lutls.c */ = {isa = PBXFileReference; fileEncoding = 4; lastKnownFileType = sourcecode.c.c; name = lutls.c; path = ../../../../../ejoy2d/lib/lutls.c; sourceTree = "<group>"; };
		AE5C16E51B5E4DAB00666B0E /* lutls.h */ = {isa = PBXFileReference; fileEncoding = 4; lastKnownFileType = sourcecode.c.h; name = lutls.h; path = ../../../../../ejoy2d/lib/lutls.h; sourceTree = "<group>"; };
		AE7104391C112A0E00B525A4 /* 7zCrc.c */ = {isa = PBXFileReference; fileEncoding = 4; lastKnownFileType = sourcecode.c.c; name = 7zCrc.c; path = ../../../../../src/clib/lzma/7zCrc.c; sourceTree = "<group>"; };
		AE71043A1C112A0E00B525A4 /* 7zCrc.h */ = {isa = PBXFileReference; fileEncoding = 4; lastKnownFileType = sourcecode.c.h; name = 7zCrc.h; path = ../../../../../src/clib/lzma/7zCrc.h; sourceTree = "<group>"; };
		AE71043B1C112A0E00B525A4 /* 7zCrcOpt.c */ = {isa = PBXFileReference; fileEncoding = 4; lastKnownFileType = sourcecode.c.c; name = 7zCrcOpt.c; path = ../../../../../src/clib/lzma/7zCrcOpt.c; sourceTree = "<group>"; };
		AE71043C1C112A0E00B525A4 /* 7zStream.c */ = {isa = PBXFileReference; fileEncoding = 4; lastKnownFileType = sourcecode.c.c; name = 7zStream.c; path = ../../../../../src/clib/lzma/7zStream.c; sourceTree = "<group>"; };
		AE71043D1C112A0E00B525A4 /* Bcj2.c */ = {isa = PBXFileReference; fileEncoding = 4; lastKnownFileType = sourcecode.c.c; name = Bcj2.c; path = ../../../../../src/clib/lzma/Bcj2.c; sourceTree = "<group>"; };
		AE71043E1C112A0E00B525A4 /* Bcj2.h */ = {isa = PBXFileReference; fileEncoding = 4; lastKnownFileType = sourcecode.c.h; name = Bcj2.h; path = ../../../../../src/clib/lzma/Bcj2.h; sourceTree = "<group>"; };
		AE71043F1C112A0E00B525A4 /* Bra.c */ = {isa = PBXFileReference; fileEncoding = 4; lastKnownFileType = sourcecode.c.c; name = Bra.c; path = ../../../../../src/clib/lzma/Bra.c; sourceTree = "<group>"; };
		AE7104401C112A0E00B525A4 /* Bra.h */ = {isa = PBXFileReference; fileEncoding = 4; lastKnownFileType = sourcecode.c.h; name = Bra.h; path = ../../../../../src/clib/lzma/Bra.h; sourceTree = "<group>"; };
		AE7104411C112A0E00B525A4 /* Bra86.c */ = {isa = PBXFileReference; fileEncoding = 4; lastKnownFileType = sourcecode.c.c; name = Bra86.c; path = ../../../../../src/clib/lzma/Bra86.c; sourceTree = "<group>"; };
		AE7104421C112A0E00B525A4 /* BraIA64.c */ = {isa = PBXFileReference; fileEncoding = 4; lastKnownFileType = sourcecode.c.c; name = BraIA64.c; path = ../../../../../src/clib/lzma/BraIA64.c; sourceTree = "<group>"; };
		AE7104431C112A0E00B525A4 /* CpuArch.c */ = {isa = PBXFileReference; fileEncoding = 4; lastKnownFileType = sourcecode.c.c; name = CpuArch.c; path = ../../../../../src/clib/lzma/CpuArch.c; sourceTree = "<group>"; };
		AE7104441C112A0E00B525A4 /* CpuArch.h */ = {isa = PBXFileReference; fileEncoding = 4; lastKnownFileType = sourcecode.c.h; name = CpuArch.h; path = ../../../../../src/clib/lzma/CpuArch.h; sourceTree = "<group>"; };
		AE7104451C112A0E00B525A4 /* Delta.c */ = {isa = PBXFileReference; fileEncoding = 4; lastKnownFileType = sourcecode.c.c; name = Delta.c; path = ../../../../../src/clib/lzma/Delta.c; sourceTree = "<group>"; };
		AE7104461C112A0E00B525A4 /* Delta.h */ = {isa = PBXFileReference; fileEncoding = 4; lastKnownFileType = sourcecode.c.h; name = Delta.h; path = ../../../../../src/clib/lzma/Delta.h; sourceTree = "<group>"; };
		AE7104471C112A0E00B525A4 /* llzma.c */ = {isa = PBXFileReference; fileEncoding = 4; lastKnownFileType = sourcecode.c.c; name = llzma.c; path = ../../../../../src/clib/lzma/llzma.c; sourceTree = "<group>"; };
		AE7104481C112A0E00B525A4 /* LzAlloc.c */ = {isa = PBXFileReference; fileEncoding = 4; lastKnownFileType = sourcecode.c.c; name = LzAlloc.c; path = ../../../../../src/clib/lzma/LzAlloc.c; sourceTree = "<group>"; };
		AE7104491C112A0E00B525A4 /* LzAlloc.h */ = {isa = PBXFileReference; fileEncoding = 4; lastKnownFileType = sourcecode.c.h; name = LzAlloc.h; path = ../../../../../src/clib/lzma/LzAlloc.h; sourceTree = "<group>"; };
		AE71044A1C112A0E00B525A4 /* LzFind.c */ = {isa = PBXFileReference; fileEncoding = 4; lastKnownFileType = sourcecode.c.c; name = LzFind.c; path = ../../../../../src/clib/lzma/LzFind.c; sourceTree = "<group>"; };
		AE71044B1C112A0E00B525A4 /* LzFind.h */ = {isa = PBXFileReference; fileEncoding = 4; lastKnownFileType = sourcecode.c.h; name = LzFind.h; path = ../../../../../src/clib/lzma/LzFind.h; sourceTree = "<group>"; };
		AE71044C1C112A0E00B525A4 /* LzHash.h */ = {isa = PBXFileReference; fileEncoding = 4; lastKnownFileType = sourcecode.c.h; name = LzHash.h; path = ../../../../../src/clib/lzma/LzHash.h; sourceTree = "<group>"; };
		AE71044D1C112A0E00B525A4 /* Lzma2Dec.c */ = {isa = PBXFileReference; fileEncoding = 4; lastKnownFileType = sourcecode.c.c; name = Lzma2Dec.c; path = ../../../../../src/clib/lzma/Lzma2Dec.c; sourceTree = "<group>"; };
		AE71044E1C112A0E00B525A4 /* Lzma2Dec.h */ = {isa = PBXFileReference; fileEncoding = 4; lastKnownFileType = sourcecode.c.h; name = Lzma2Dec.h; path = ../../../../../src/clib/lzma/Lzma2Dec.h; sourceTree = "<group>"; };
		AE71044F1C112A0E00B525A4 /* Lzma2Enc.c */ = {isa = PBXFileReference; fileEncoding = 4; lastKnownFileType = sourcecode.c.c; name = Lzma2Enc.c; path = ../../../../../src/clib/lzma/Lzma2Enc.c; sourceTree = "<group>"; };
		AE7104501C112A0E00B525A4 /* Lzma2Enc.h */ = {isa = PBXFileReference; fileEncoding = 4; lastKnownFileType = sourcecode.c.h; name = Lzma2Enc.h; path = ../../../../../src/clib/lzma/Lzma2Enc.h; sourceTree = "<group>"; };
		AE7104511C112A0E00B525A4 /* Lzma86.h */ = {isa = PBXFileReference; fileEncoding = 4; lastKnownFileType = sourcecode.c.h; name = Lzma86.h; path = ../../../../../src/clib/lzma/Lzma86.h; sourceTree = "<group>"; };
		AE7104521C112A0E00B525A4 /* Lzma86Dec.c */ = {isa = PBXFileReference; fileEncoding = 4; lastKnownFileType = sourcecode.c.c; name = Lzma86Dec.c; path = ../../../../../src/clib/lzma/Lzma86Dec.c; sourceTree = "<group>"; };
		AE7104531C112A0E00B525A4 /* Lzma86Enc.c */ = {isa = PBXFileReference; fileEncoding = 4; lastKnownFileType = sourcecode.c.c; name = Lzma86Enc.c; path = ../../../../../src/clib/lzma/Lzma86Enc.c; sourceTree = "<group>"; };
		AE7104541C112A0E00B525A4 /* LzmaDec.c */ = {isa = PBXFileReference; fileEncoding = 4; lastKnownFileType = sourcecode.c.c; name = LzmaDec.c; path = ../../../../../src/clib/lzma/LzmaDec.c; sourceTree = "<group>"; };
		AE7104551C112A0E00B525A4 /* LzmaDec.h */ = {isa = PBXFileReference; fileEncoding = 4; lastKnownFileType = sourcecode.c.h; name = LzmaDec.h; path = ../../../../../src/clib/lzma/LzmaDec.h; sourceTree = "<group>"; };
		AE7104561C112A0E00B525A4 /* LzmaEnc.c */ = {isa = PBXFileReference; fileEncoding = 4; lastKnownFileType = sourcecode.c.c; name = LzmaEnc.c; path = ../../../../../src/clib/lzma/LzmaEnc.c; sourceTree = "<group>"; };
		AE7104571C112A0E00B525A4 /* LzmaEnc.h */ = {isa = PBXFileReference; fileEncoding = 4; lastKnownFileType = sourcecode.c.h; name = LzmaEnc.h; path = ../../../../../src/clib/lzma/LzmaEnc.h; sourceTree = "<group>"; };
		AE7104581C112A0E00B525A4 /* LzmaLib.c */ = {isa = PBXFileReference; fileEncoding = 4; lastKnownFileType = sourcecode.c.c; name = LzmaLib.c; path = ../../../../../src/clib/lzma/LzmaLib.c; sourceTree = "<group>"; };
		AE7104591C112A0E00B525A4 /* LzmaLib.h */ = {isa = PBXFileReference; fileEncoding = 4; lastKnownFileType = sourcecode.c.h; name = LzmaLib.h; path = ../../../../../src/clib/lzma/LzmaLib.h; sourceTree = "<group>"; };
		AE71045A1C112A0E00B525A4 /* Ppmd.h */ = {isa = PBXFileReference; fileEncoding = 4; lastKnownFileType = sourcecode.c.h; name = Ppmd.h; path = ../../../../../src/clib/lzma/Ppmd.h; sourceTree = "<group>"; };
		AE71045B1C112A0E00B525A4 /* Ppmd7.c */ = {isa = PBXFileReference; fileEncoding = 4; lastKnownFileType = sourcecode.c.c; name = Ppmd7.c; path = ../../../../../src/clib/lzma/Ppmd7.c; sourceTree = "<group>"; };
		AE71045C1C112A0E00B525A4 /* Ppmd7.h */ = {isa = PBXFileReference; fileEncoding = 4; lastKnownFileType = sourcecode.c.h; name = Ppmd7.h; path = ../../../../../src/clib/lzma/Ppmd7.h; sourceTree = "<group>"; };
		AE71045D1C112A0E00B525A4 /* Ppmd7Dec.c */ = {isa = PBXFileReference; fileEncoding = 4; lastKnownFileType = sourcecode.c.c; name = Ppmd7Dec.c; path = ../../../../../src/clib/lzma/Ppmd7Dec.c; sourceTree = "<group>"; };
		AE71045E1C112A0E00B525A4 /* Ppmd7Enc.c */ = {isa = PBXFileReference; fileEncoding = 4; lastKnownFileType = sourcecode.c.c; name = Ppmd7Enc.c; path = ../../../../../src/clib/lzma/Ppmd7Enc.c; sourceTree = "<group>"; };
		AE71045F1C112A0E00B525A4 /* RotateDefs.h */ = {isa = PBXFileReference; fileEncoding = 4; lastKnownFileType = sourcecode.c.h; name = RotateDefs.h; path = ../../../../../src/clib/lzma/RotateDefs.h; sourceTree = "<group>"; };
		AE7104601C112A0E00B525A4 /* Sha256.c */ = {isa = PBXFileReference; fileEncoding = 4; lastKnownFileType = sourcecode.c.c; name = Sha256.c; path = ../../../../../src/clib/lzma/Sha256.c; sourceTree = "<group>"; };
		AE7104611C112A0E00B525A4 /* Sha256.h */ = {isa = PBXFileReference; fileEncoding = 4; lastKnownFileType = sourcecode.c.h; name = Sha256.h; path = ../../../../../src/clib/lzma/Sha256.h; sourceTree = "<group>"; };
		AE7104621C112A0E00B525A4 /* Types.h */ = {isa = PBXFileReference; fileEncoding = 4; lastKnownFileType = sourcecode.c.h; name = Types.h; path = ../../../../../src/clib/lzma/Types.h; sourceTree = "<group>"; };
		AE7104631C112A0E00B525A4 /* Xz.c */ = {isa = PBXFileReference; fileEncoding = 4; lastKnownFileType = sourcecode.c.c; name = Xz.c; path = ../../../../../src/clib/lzma/Xz.c; sourceTree = "<group>"; };
		AE7104641C112A0E00B525A4 /* Xz.h */ = {isa = PBXFileReference; fileEncoding = 4; lastKnownFileType = sourcecode.c.h; name = Xz.h; path = ../../../../../src/clib/lzma/Xz.h; sourceTree = "<group>"; };
		AE7104651C112A0E00B525A4 /* XzCrc64.c */ = {isa = PBXFileReference; fileEncoding = 4; lastKnownFileType = sourcecode.c.c; name = XzCrc64.c; path = ../../../../../src/clib/lzma/XzCrc64.c; sourceTree = "<group>"; };
		AE7104661C112A0E00B525A4 /* XzCrc64.h */ = {isa = PBXFileReference; fileEncoding = 4; lastKnownFileType = sourcecode.c.h; name = XzCrc64.h; path = ../../../../../src/clib/lzma/XzCrc64.h; sourceTree = "<group>"; };
		AE7104671C112A0E00B525A4 /* XzDec.c */ = {isa = PBXFileReference; fileEncoding = 4; lastKnownFileType = sourcecode.c.c; name = XzDec.c; path = ../../../../../src/clib/lzma/XzDec.c; sourceTree = "<group>"; };
		AE7104681C112A0E00B525A4 /* XzEnc.c */ = {isa = PBXFileReference; fileEncoding = 4; lastKnownFileType = sourcecode.c.c; name = XzEnc.c; path = ../../../../../src/clib/lzma/XzEnc.c; sourceTree = "<group>"; };
		AE7104691C112A0E00B525A4 /* XzEnc.h */ = {isa = PBXFileReference; fileEncoding = 4; lastKnownFileType = sourcecode.c.h; name = XzEnc.h; path = ../../../../../src/clib/lzma/XzEnc.h; sourceTree = "<group>"; };
		AE71046A1C112A0E00B525A4 /* XzIn.c */ = {isa = PBXFileReference; fileEncoding = 4; lastKnownFileType = sourcecode.c.c; name = XzIn.c; path = ../../../../../src/clib/lzma/XzIn.c; sourceTree = "<group>"; };
		AE75C0CC1C0FDBC700A839A2 /* easing.c */ = {isa = PBXFileReference; fileEncoding = 4; lastKnownFileType = sourcecode.c.c; name = easing.c; path = ../../../../../src/clib/tween/easing.c; sourceTree = "<group>"; };
		AE75C0CD1C0FDBC700A839A2 /* easing.h */ = {isa = PBXFileReference; fileEncoding = 4; lastKnownFileType = sourcecode.c.h; name = easing.h; path = ../../../../../src/clib/tween/easing.h; sourceTree = "<group>"; };
		AE75C0CE1C0FDBC700A839A2 /* leasing.c */ = {isa = PBXFileReference; fileEncoding = 4; lastKnownFileType = sourcecode.c.c; name = leasing.c; path = ../../../../../src/clib/tween/leasing.c; sourceTree = "<group>"; };
		AE9DDFAB1A8DAFE90085776F /* libejoy2dx.a */ = {isa = PBXFileReference; explicitFileType = archive.ar; includeInIndex = 0; path = libejoy2dx.a; sourceTree = BUILT_PRODUCTS_DIR; };
		AE9DE46E1A8E09580085776F /* lua.xcodeproj */ = {isa = PBXFileReference; lastKnownFileType = "wrapper.pb-project"; name = lua.xcodeproj; path = ../lua/lua.xcodeproj; sourceTree = "<group>"; };
		AE9DE5F21A8F21F60085776F /* array.h */ = {isa = PBXFileReference; fileEncoding = 4; lastKnownFileType = sourcecode.c.h; name = array.h; path = ../../../../../ejoy2d/lib/array.h; sourceTree = "<group>"; };
		AE9DE5F31A8F21F60085776F /* dfont.c */ = {isa = PBXFileReference; fileEncoding = 4; lastKnownFileType = sourcecode.c.c; name = dfont.c; path = ../../../../../ejoy2d/lib/dfont.c; sourceTree = "<group>"; };
		AE9DE5F41A8F21F60085776F /* dfont.h */ = {isa = PBXFileReference; fileEncoding = 4; lastKnownFileType = sourcecode.c.h; name = dfont.h; path = ../../../../../ejoy2d/lib/dfont.h; sourceTree = "<group>"; };
		AE9DE5F51A8F21F60085776F /* ejoy2d.h */ = {isa = PBXFileReference; fileEncoding = 4; lastKnownFileType = sourcecode.c.h; name = ejoy2d.h; path = ../../../../../ejoy2d/lib/ejoy2d.h; sourceTree = "<group>"; };
		AE9DE5F61A8F21F60085776F /* ejoy2dgame.c */ = {isa = PBXFileReference; fileEncoding = 4; lastKnownFileType = sourcecode.c.c; name = ejoy2dgame.c; path = ../../../../../ejoy2d/lib/ejoy2dgame.c; sourceTree = "<group>"; };
		AE9DE5F71A8F21F60085776F /* ejoy2dgame.h */ = {isa = PBXFileReference; fileEncoding = 4; lastKnownFileType = sourcecode.c.h; name = ejoy2dgame.h; path = ../../../../../ejoy2d/lib/ejoy2dgame.h; sourceTree = "<group>"; };
		AE9DE5F81A8F21F60085776F /* fault.c */ = {isa = PBXFileReference; fileEncoding = 4; lastKnownFileType = sourcecode.c.c; name = fault.c; path = ../../../../../ejoy2d/lib/fault.c; sourceTree = "<group>"; };
		AE9DE5F91A8F21F60085776F /* fault.h */ = {isa = PBXFileReference; fileEncoding = 4; lastKnownFileType = sourcecode.c.h; name = fault.h; path = ../../../../../ejoy2d/lib/fault.h; sourceTree = "<group>"; };
		AE9DE5FA1A8F21F60085776F /* label.c */ = {isa = PBXFileReference; fileEncoding = 4; lastKnownFileType = sourcecode.c.c; name = label.c; path = ../../../../../ejoy2d/lib/label.c; sourceTree = "<group>"; };
		AE9DE5FB1A8F21F60085776F /* label.h */ = {isa = PBXFileReference; fileEncoding = 4; lastKnownFileType = sourcecode.c.h; name = label.h; path = ../../../../../ejoy2d/lib/label.h; sourceTree = "<group>"; };
		AE9DE5FC1A8F21F60085776F /* list.h */ = {isa = PBXFileReference; fileEncoding = 4; lastKnownFileType = sourcecode.c.h; name = list.h; path = ../../../../../ejoy2d/lib/list.h; sourceTree = "<group>"; };
		AE9DE5FD1A8F21F60085776F /* lmatrix.c */ = {isa = PBXFileReference; fileEncoding = 4; lastKnownFileType = sourcecode.c.c; name = lmatrix.c; path = ../../../../../ejoy2d/lib/lmatrix.c; sourceTree = "<group>"; };
		AE9DE5FE1A8F21F60085776F /* lmatrix.h */ = {isa = PBXFileReference; fileEncoding = 4; lastKnownFileType = sourcecode.c.h; name = lmatrix.h; path = ../../../../../ejoy2d/lib/lmatrix.h; sourceTree = "<group>"; };
		AE9DE5FF1A8F21F60085776F /* lparticle.c */ = {isa = PBXFileReference; fileEncoding = 4; lastKnownFileType = sourcecode.c.c; name = lparticle.c; path = ../../../../../ejoy2d/lib/lparticle.c; sourceTree = "<group>"; };
		AE9DE6001A8F21F60085776F /* lrenderbuffer.c */ = {isa = PBXFileReference; fileEncoding = 4; lastKnownFileType = sourcecode.c.c; name = lrenderbuffer.c; path = ../../../../../ejoy2d/lib/lrenderbuffer.c; sourceTree = "<group>"; };
		AE9DE6011A8F21F60085776F /* lrenderbuffer.h */ = {isa = PBXFileReference; fileEncoding = 4; lastKnownFileType = sourcecode.c.h; name = lrenderbuffer.h; path = ../../../../../ejoy2d/lib/lrenderbuffer.h; sourceTree = "<group>"; };
		AE9DE6021A8F21F60085776F /* lshader.c */ = {isa = PBXFileReference; fileEncoding = 4; lastKnownFileType = sourcecode.c.c; name = lshader.c; path = ../../../../../ejoy2d/lib/lshader.c; sourceTree = "<group>"; };
		AE9DE6031A8F21F60085776F /* lsprite.c */ = {isa = PBXFileReference; fileEncoding = 4; lastKnownFileType = sourcecode.c.c; name = lsprite.c; path = ../../../../../ejoy2d/lib/lsprite.c; sourceTree = "<group>"; };
		AE9DE6041A8F21F60085776F /* material.h */ = {isa = PBXFileReference; fileEncoding = 4; lastKnownFileType = sourcecode.c.h; name = material.h; path = ../../../../../ejoy2d/lib/material.h; sourceTree = "<group>"; };
		AE9DE6051A8F21F60085776F /* matrix.c */ = {isa = PBXFileReference; fileEncoding = 4; lastKnownFileType = sourcecode.c.c; name = matrix.c; path = ../../../../../ejoy2d/lib/matrix.c; sourceTree = "<group>"; };
		AE9DE6061A8F21F60085776F /* matrix.h */ = {isa = PBXFileReference; fileEncoding = 4; lastKnownFileType = sourcecode.c.h; name = matrix.h; path = ../../../../../ejoy2d/lib/matrix.h; sourceTree = "<group>"; };
		AE9DE6071A8F21F60085776F /* opengl.h */ = {isa = PBXFileReference; fileEncoding = 4; lastKnownFileType = sourcecode.c.h; name = opengl.h; path = ../../../../../ejoy2d/lib/opengl.h; sourceTree = "<group>"; };
		AE9DE6081A8F21F60085776F /* particle.c */ = {isa = PBXFileReference; fileEncoding = 4; lastKnownFileType = sourcecode.c.c; name = particle.c; path = ../../../../../ejoy2d/lib/particle.c; sourceTree = "<group>"; };
		AE9DE6091A8F21F60085776F /* particle.h */ = {isa = PBXFileReference; fileEncoding = 4; lastKnownFileType = sourcecode.c.h; name = particle.h; path = ../../../../../ejoy2d/lib/particle.h; sourceTree = "<group>"; };
		AE9DE60A1A8F21F60085776F /* platform_print.h */ = {isa = PBXFileReference; fileEncoding = 4; lastKnownFileType = sourcecode.c.h; name = platform_print.h; path = ../../../../../ejoy2d/lib/platform_print.h; sourceTree = "<group>"; };
		AE9DE60B1A8F21F60085776F /* ppm.c */ = {isa = PBXFileReference; fileEncoding = 4; lastKnownFileType = sourcecode.c.c; name = ppm.c; path = ../../../../../ejoy2d/lib/ppm.c; sourceTree = "<group>"; };
		AE9DE60C1A8F21F60085776F /* ppm.h */ = {isa = PBXFileReference; fileEncoding = 4; lastKnownFileType = sourcecode.c.h; name = ppm.h; path = ../../../../../ejoy2d/lib/ppm.h; sourceTree = "<group>"; };
		AE9DE60D1A8F21F60085776F /* renderbuffer.c */ = {isa = PBXFileReference; fileEncoding = 4; lastKnownFileType = sourcecode.c.c; name = renderbuffer.c; path = ../../../../../ejoy2d/lib/renderbuffer.c; sourceTree = "<group>"; };
		AE9DE60E1A8F21F60085776F /* renderbuffer.h */ = {isa = PBXFileReference; fileEncoding = 4; lastKnownFileType = sourcecode.c.h; name = renderbuffer.h; path = ../../../../../ejoy2d/lib/renderbuffer.h; sourceTree = "<group>"; };
		AE9DE60F1A8F21F60085776F /* scissor.c */ = {isa = PBXFileReference; fileEncoding = 4; lastKnownFileType = sourcecode.c.c; name = scissor.c; path = ../../../../../ejoy2d/lib/scissor.c; sourceTree = "<group>"; };
		AE9DE6101A8F21F60085776F /* scissor.h */ = {isa = PBXFileReference; fileEncoding = 4; lastKnownFileType = sourcecode.c.h; name = scissor.h; path = ../../../../../ejoy2d/lib/scissor.h; sourceTree = "<group>"; };
		AE9DE6111A8F21F60085776F /* screen.c */ = {isa = PBXFileReference; fileEncoding = 4; lastKnownFileType = sourcecode.c.c; name = screen.c; path = ../../../../../ejoy2d/lib/screen.c; sourceTree = "<group>"; };
		AE9DE6121A8F21F60085776F /* screen.h */ = {isa = PBXFileReference; fileEncoding = 4; lastKnownFileType = sourcecode.c.h; name = screen.h; path = ../../../../../ejoy2d/lib/screen.h; sourceTree = "<group>"; };
		AE9DE6131A8F21F60085776F /* screenshot.c */ = {isa = PBXFileReference; fileEncoding = 4; lastKnownFileType = sourcecode.c.c; name = screenshot.c; path = ../../../../../ejoy2d/lib/screenshot.c; sourceTree = "<group>"; };
		AE9DE6141A8F21F60085776F /* screenshot.h */ = {isa = PBXFileReference; fileEncoding = 4; lastKnownFileType = sourcecode.c.h; name = screenshot.h; path = ../../../../../ejoy2d/lib/screenshot.h; sourceTree = "<group>"; };
		AE9DE6151A8F21F60085776F /* shader.c */ = {isa = PBXFileReference; fileEncoding = 4; lastKnownFileType = sourcecode.c.c; name = shader.c; path = ../../../../../ejoy2d/lib/shader.c; sourceTree = "<group>"; };
		AE9DE6161A8F21F60085776F /* shader.h */ = {isa = PBXFileReference; fileEncoding = 4; lastKnownFileType = sourcecode.c.h; name = shader.h; path = ../../../../../ejoy2d/lib/shader.h; sourceTree = "<group>"; };
		AE9DE6171A8F21F60085776F /* sprite.c */ = {isa = PBXFileReference; fileEncoding = 4; lastKnownFileType = sourcecode.c.c; name = sprite.c; path = ../../../../../ejoy2d/lib/sprite.c; sourceTree = "<group>"; };
		AE9DE6181A8F21F60085776F /* sprite.h */ = {isa = PBXFileReference; fileEncoding = 4; lastKnownFileType = sourcecode.c.h; name = sprite.h; path = ../../../../../ejoy2d/lib/sprite.h; sourceTree = "<group>"; };
		AE9DE6191A8F21F60085776F /* spritepack.c */ = {isa = PBXFileReference; fileEncoding = 4; lastKnownFileType = sourcecode.c.c; name = spritepack.c; path = ../../../../../ejoy2d/lib/spritepack.c; sourceTree = "<group>"; };
		AE9DE61A1A8F21F70085776F /* spritepack.h */ = {isa = PBXFileReference; fileEncoding = 4; lastKnownFileType = sourcecode.c.h; name = spritepack.h; path = ../../../../../ejoy2d/lib/spritepack.h; sourceTree = "<group>"; };
		AE9DE61B1A8F21F70085776F /* texture.c */ = {isa = PBXFileReference; fileEncoding = 4; lastKnownFileType = sourcecode.c.c; name = texture.c; path = ../../../../../ejoy2d/lib/texture.c; sourceTree = "<group>"; };
		AE9DE61C1A8F21F70085776F /* texture.h */ = {isa = PBXFileReference; fileEncoding = 4; lastKnownFileType = sourcecode.c.h; name = texture.h; path = ../../../../../ejoy2d/lib/texture.h; sourceTree = "<group>"; };
		AE9DE6481A8F220C0085776F /* blendmode.h */ = {isa = PBXFileReference; fileEncoding = 4; lastKnownFileType = sourcecode.c.h; name = blendmode.h; path = ../../../../../ejoy2d/lib/render/blendmode.h; sourceTree = "<group>"; };
		AE9DE6491A8F220C0085776F /* block.h */ = {isa = PBXFileReference; fileEncoding = 4; lastKnownFileType = sourcecode.c.h; name = block.h; path = ../../../../../ejoy2d/lib/render/block.h; sourceTree = "<group>"; };
		AE9DE64A1A8F220C0085776F /* carray.c */ = {isa = PBXFileReference; fileEncoding = 4; lastKnownFileType = sourcecode.c.c; name = carray.c; path = ../../../../../ejoy2d/lib/render/carray.c; sourceTree = "<group>"; };
		AE9DE64B1A8F220C0085776F /* carray.h */ = {isa = PBXFileReference; fileEncoding = 4; lastKnownFileType = sourcecode.c.h; name = carray.h; path = ../../../../../ejoy2d/lib/render/carray.h; sourceTree = "<group>"; };
		AE9DE64C1A8F220C0085776F /* log.c */ = {isa = PBXFileReference; fileEncoding = 4; lastKnownFileType = sourcecode.c.c; name = log.c; path = ../../../../../ejoy2d/lib/render/log.c; sourceTree = "<group>"; };
		AE9DE64D1A8F220C0085776F /* log.h */ = {isa = PBXFileReference; fileEncoding = 4; lastKnownFileType = sourcecode.c.h; name = log.h; path = ../../../../../ejoy2d/lib/render/log.h; sourceTree = "<group>"; };
		AE9DE64E1A8F220C0085776F /* render.c */ = {isa = PBXFileReference; fileEncoding = 4; lastKnownFileType = sourcecode.c.c; name = render.c; path = ../../../../../ejoy2d/lib/render/render.c; sourceTree = "<group>"; };
		AE9DE64F1A8F220C0085776F /* render.h */ = {isa = PBXFileReference; fileEncoding = 4; lastKnownFileType = sourcecode.c.h; name = render.h; path = ../../../../../ejoy2d/lib/render/render.h; sourceTree = "<group>"; };
		AE9DE6891A8F2EE90085776F /* lualibs.c */ = {isa = PBXFileReference; fileEncoding = 4; lastKnownFileType = sourcecode.c.c; name = lualibs.c; path = ../../../../../src/clib/utls/lualibs.c; sourceTree = "<group>"; };
		AE9DE68A1A8F2EE90085776F /* lualibs.h */ = {isa = PBXFileReference; fileEncoding = 4; lastKnownFileType = sourcecode.c.h; name = lualibs.h; path = ../../../../../src/clib/utls/lualibs.h; sourceTree = "<group>"; };
		AE9DE68B1A8F2EE90085776F /* serialize.c */ = {isa = PBXFileReference; fileEncoding = 4; lastKnownFileType = sourcecode.c.c; name = serialize.c; path = ../../../../../src/clib/utls/serialize.c; sourceTree = "<group>"; };
		AE9DE6901A8F2F160085776F /* image.c */ = {isa = PBXFileReference; fileEncoding = 4; lastKnownFileType = sourcecode.c.c; name = image.c; path = ../../../../../src/clib/utls/image.c; sourceTree = "<group>"; };
		AE9DE6911A8F2F160085776F /* stb_image_write.h */ = {isa = PBXFileReference; fileEncoding = 4; lastKnownFileType = sourcecode.c.h; name = stb_image_write.h; path = ../../../../../src/clib/utls/stb_image_write.h; sourceTree = "<group>"; };
		AE9DE6921A8F2F160085776F /* stb_image.h */ = {isa = PBXFileReference; fileEncoding = 4; lastKnownFileType = sourcecode.c.h; name = stb_image.h; path = ../../../../../src/clib/utls/stb_image.h; sourceTree = "<group>"; };
		AE9DE6971A8F2F3F0085776F /* debug_log.h */ = {isa = PBXFileReference; fileEncoding = 4; lastKnownFileType = sourcecode.c.h; name = debug_log.h; path = ../../../../../src/clib/platform/debug_log.h; sourceTree = "<group>"; };
		AE9DE6981A8F2F3F0085776F /* filesystem.h */ = {isa = PBXFileReference; fileEncoding = 4; lastKnownFileType = sourcecode.c.h; name = filesystem.h; path = ../../../../../src/clib/platform/filesystem.h; sourceTree = "<group>"; };
		AE9DE6991A8F2F3F0085776F /* lhttplib.h */ = {isa = PBXFileReference; fileEncoding = 4; lastKnownFileType = sourcecode.c.h; name = lhttplib.h; path = ../../../../../src/clib/platform/lhttplib.h; sourceTree = "<group>"; };
		AE9DE69A1A8F2F3F0085776F /* liosutil.h */ = {isa = PBXFileReference; fileEncoding = 4; lastKnownFileType = sourcecode.c.h; name = liosutil.h; path = ../../../../../src/clib/platform/liosutil.h; sourceTree = "<group>"; };
		AE9DE69B1A8F2F3F0085776F /* platform_init.h */ = {isa = PBXFileReference; fileEncoding = 4; lastKnownFileType = sourcecode.c.h; name = platform_init.h; path = ../../../../../src/clib/platform/platform_init.h; sourceTree = "<group>"; };
		AE9DE69C1A8F2F3F0085776F /* sound.h */ = {isa = PBXFileReference; fileEncoding = 4; lastKnownFileType = sourcecode.c.h; name = sound.h; path = ../../../../../src/clib/platform/sound.h; sourceTree = "<group>"; };
		AE9DE6A41A8F2F640085776F /* filesystem.c */ = {isa = PBXFileReference; fileEncoding = 4; lastKnownFileType = sourcecode.c.c; name = filesystem.c; path = ../../../src/filesystem.c; sourceTree = "<group>"; };
		AE9DE6A51A8F2F640085776F /* font.m */ = {isa = PBXFileReference; fileEncoding = 4; lastKnownFileType = sourcecode.c.objc; name = font.m; path = ../../../src/font.m; sourceTree = "<group>"; };
		AE9DE6A61A8F2F640085776F /* liosutil.m */ = {isa = PBXFileReference; fileEncoding = 4; lastKnownFileType = sourcecode.c.objc; name = liosutil.m; path = ../../../src/liosutil.m; sourceTree = "<group>"; };
		AE9DE6AC1A8F30800085776F /* Foundation.framework */ = {isa = PBXFileReference; lastKnownFileType = wrapper.framework; name = Foundation.framework; path = System/Library/Frameworks/Foundation.framework; sourceTree = SDKROOT; };
		AE9DE6AE1A8F31220085776F /* PrefixHeader.pch */ = {isa = PBXFileReference; lastKnownFileType = sourcecode.c.h; path = PrefixHeader.pch; sourceTree = "<group>"; };
		AED31F381BE3439800763B22 /* ad_mp3.c */ = {isa = PBXFileReference; fileEncoding = 4; lastKnownFileType = sourcecode.c.c; name = ad_mp3.c; path = ../../../../../src/clib/Liekkas/src/decode/ad_mp3.c; sourceTree = "<group>"; };
		AED31F391BE3439800763B22 /* ad_ogg.c */ = {isa = PBXFileReference; fileEncoding = 4; lastKnownFileType = sourcecode.c.c; name = ad_ogg.c; path = ../../../../../src/clib/Liekkas/src/decode/ad_ogg.c; sourceTree = "<group>"; };
		AED31F3A1BE3439800763B22 /* ad_tools.c */ = {isa = PBXFileReference; fileEncoding = 4; lastKnownFileType = sourcecode.c.c; name = ad_tools.c; path = ../../../../../src/clib/Liekkas/src/decode/ad_tools.c; sourceTree = "<group>"; };
		AED31F3B1BE3439800763B22 /* ad_wav.c */ = {isa = PBXFileReference; fileEncoding = 4; lastKnownFileType = sourcecode.c.c; name = ad_wav.c; path = ../../../../../src/clib/Liekkas/src/decode/ad_wav.c; sourceTree = "<group>"; };
		AEEA43311DB7749F0000998B /* emitter_wrap.c */ = {isa = PBXFileReference; fileEncoding = 4; lastKnownFileType = sourcecode.c.c; name = emitter_wrap.c; path = ../../../../../src/clib/lyaml/emitter_wrap.c; sourceTree = "<group>"; };
		AEEA43321DB7749F0000998B /* lyaml.c */ = {isa = PBXFileReference; fileEncoding = 4; lastKnownFileType = sourcecode.c.c; name = lyaml.c; path = ../../../../../src/clib/lyaml/lyaml.c; sourceTree = "<group>"; };
		AEEA43331DB7749F0000998B /* lyaml.h */ = {isa = PBXFileReference; fileEncoding = 4; lastKnownFileType = sourcecode.c.h; name = lyaml.h; path = ../../../../../src/clib/lyaml/lyaml.h; sourceTree = "<group>"; };
		AEEA43341DB7749F0000998B /* parser_wrap.c */ = {isa = PBXFileReference; fileEncoding = 4; lastKnownFileType = sourcecode.c.c; name = parser_wrap.c; path = ../../../../../src/clib/lyaml/parser_wrap.c; sourceTree = "<group>"; };
		AEEA43351DB7749F0000998B /* scanner_wrap.c */ = {isa = PBXFileReference; fileEncoding = 4; lastKnownFileType = sourcecode.c.c; name = scanner_wrap.c; path = ../../../../../src/clib/lyaml/scanner_wrap.c; sourceTree = "<group>"; };
		AEEA43371DB7749F0000998B /* api.c */ = {isa = PBXFileReference; fileEncoding = 4; lastKnownFileType = sourcecode.c.c; path = api.c; sourceTree = "<group>"; };
		AEEA43381DB7749F0000998B /* config.h */ = {isa = PBXFileReference; fileEncoding = 4; lastKnownFileType = sourcecode.c.h; path = config.h; sourceTree = "<group>"; };
		AEEA43391DB7749F0000998B /* dumper.c */ = {isa = PBXFileReference; fileEncoding = 4; lastKnownFileType = sourcecode.c.c; path = dumper.c; sourceTree = "<group>"; };
		AEEA433A1DB7749F0000998B /* emitter.c */ = {isa = PBXFileReference; fileEncoding = 4; lastKnownFileType = sourcecode.c.c; path = emitter.c; sourceTree = "<group>"; };
		AEEA433B1DB7749F0000998B /* loader.c */ = {isa = PBXFileReference; fileEncoding = 4; lastKnownFileType = sourcecode.c.c; path = loader.c; sourceTree = "<group>"; };
		AEEA433C1DB7749F0000998B /* parser.c */ = {isa = PBXFileReference; fileEncoding = 4; lastKnownFileType = sourcecode.c.c; path = parser.c; sourceTree = "<group>"; };
		AEEA433D1DB7749F0000998B /* reader.c */ = {isa = PBXFileReference; fileEncoding = 4; lastKnownFileType = sourcecode.c.c; path = reader.c; sourceTree = "<group>"; };
		AEEA433E1DB7749F0000998B /* scanner.c */ = {isa = PBXFileReference; fileEncoding = 4; lastKnownFileType = sourcecode.c.c; path = scanner.c; sourceTree = "<group>"; };
		AEEA433F1DB7749F0000998B /* writer.c */ = {isa = PBXFileReference; fileEncoding = 4; lastKnownFileType = sourcecode.c.c; path = writer.c; sourceTree = "<group>"; };
		AEEA43401DB7749F0000998B /* yaml.h */ = {isa = PBXFileReference; fileEncoding = 4; lastKnownFileType = sourcecode.c.h; path = yaml.h; sourceTree = "<group>"; };
		AEEA43411DB7749F0000998B /* yaml_private.h */ = {isa = PBXFileReference; fileEncoding = 4; lastKnownFileType = sourcecode.c.h; path = yaml_private.h; sourceTree = "<group>"; };
		E6E8D42D1B7E3F240049F8AC /* lpeg.c */ = {isa = PBXFileReference; fileEncoding = 4; lastKnownFileType = sourcecode.c.c; name = lpeg.c; path = ../../../../../src/clib/utls/lpeg/lpeg.c; sourceTree = "<group>"; };
		E6E8D42E1B7E3F240049F8AC /* lpeg.h */ = {isa = PBXFileReference; fileEncoding = 4; lastKnownFileType = sourcecode.c.h; name = lpeg.h; path = ../../../../../src/clib/utls/lpeg/lpeg.h; sourceTree = "<group>"; };
		E6E8D4321B7E406D0049F8AC /* lsocket.c */ = {isa = PBXFileReference; fileEncoding = 4; lastKnownFileType = sourcecode.c.c; name = lsocket.c; path = ../../../../../src/clib/lsocket/lsocket.c; sourceTree = "<group>"; };
		E6E8D4351B7E40BE0049F8AC /* lsproto.c */ = {isa = PBXFileReference; fileEncoding = 4; lastKnownFileType = sourcecode.c.c; name = lsproto.c; path = ../../../../../src/clib/sproto/lsproto.c; sourceTree = "<group>"; };
		E6E8D4361B7E40BE0049F8AC /* sproto.c */ = {isa = PBXFileReference; fileEncoding = 4; lastKnownFileType = sourcecode.c.c; name = sproto.c; path = ../../../../../src/clib/sproto/sproto.c; sourceTree = "<group>"; };
		E6E8D4371B7E40BE0049F8AC /* sproto.h */ = {isa = PBXFileReference; fileEncoding = 4; lastKnownFileType = sourcecode.c.h; name = sproto.h; path = ../../../../../src/clib/sproto/sproto.h; sourceTree = "<group>"; };
		E6E8D43B1B7E41030049F8AC /* lcrypt.c */ = {isa = PBXFileReference; fileEncoding = 4; lastKnownFileType = sourcecode.c.c; name = lcrypt.c; path = ../../../../../src/clib/utls/lcrypt.c; sourceTree = "<group>"; };
		E6E8D43C1B7E41030049F8AC /* ltimesync.c */ = {isa = PBXFileReference; fileEncoding = 4; lastKnownFileType = sourcecode.c.c; name = ltimesync.c; path = ../../../../../src/clib/utls/ltimesync.c; sourceTree = "<group>"; };
		E6EFA5371AB33AC600D42B66 /* lmonitor.c */ = {isa = PBXFileReference; fileEncoding = 4; lastKnownFileType = sourcecode.c.c; name = lmonitor.c; path = ../../../../../src/clib/utls/lmonitor.c; sourceTree = "<group>"; };
/* End PBXFileReference section */

/* Begin PBXFrameworksBuildPhase section */
		AE9DDFA81A8DAFE90085776F /* Frameworks */ = {
			isa = PBXFrameworksBuildPhase;
			buildActionMask = 2147483647;
			files = (
				AE9DE6AD1A8F30800085776F /* Foundation.framework in Frameworks */,
			);
			runOnlyForDeploymentPostprocessing = 0;
		};
/* End PBXFrameworksBuildPhase section */

/* Begin PBXGroup section */
		AE421EC31ED406500085EDA6 /* bgm */ = {
			isa = PBXGroup;
			children = (
				AE421EC41ED406640085EDA6 /* bgm_ios.m */,
			);
			name = bgm;
			sourceTree = "<group>";
		};
		AE421EC61ED406C00085EDA6 /* openal */ = {
			isa = PBXGroup;
			children = (
				AE421EC71ED406D20085EDA6 /* oal.c */,
			);
			name = openal;
			sourceTree = "<group>";
		};
		AE7104371C1129E900B525A4 /* lzma */ = {
			isa = PBXGroup;
			children = (
				AE7104391C112A0E00B525A4 /* 7zCrc.c */,
				AE71043A1C112A0E00B525A4 /* 7zCrc.h */,
				AE71043B1C112A0E00B525A4 /* 7zCrcOpt.c */,
				AE71043C1C112A0E00B525A4 /* 7zStream.c */,
				AE71043D1C112A0E00B525A4 /* Bcj2.c */,
				AE71043E1C112A0E00B525A4 /* Bcj2.h */,
				AE71043F1C112A0E00B525A4 /* Bra.c */,
				AE7104401C112A0E00B525A4 /* Bra.h */,
				AE7104411C112A0E00B525A4 /* Bra86.c */,
				AE7104421C112A0E00B525A4 /* BraIA64.c */,
				AE7104431C112A0E00B525A4 /* CpuArch.c */,
				AE7104441C112A0E00B525A4 /* CpuArch.h */,
				AE7104451C112A0E00B525A4 /* Delta.c */,
				AE7104461C112A0E00B525A4 /* Delta.h */,
				AE7104471C112A0E00B525A4 /* llzma.c */,
				AE7104481C112A0E00B525A4 /* LzAlloc.c */,
				AE7104491C112A0E00B525A4 /* LzAlloc.h */,
				AE71044A1C112A0E00B525A4 /* LzFind.c */,
				AE71044B1C112A0E00B525A4 /* LzFind.h */,
				AE71044C1C112A0E00B525A4 /* LzHash.h */,
				AE71044D1C112A0E00B525A4 /* Lzma2Dec.c */,
				AE71044E1C112A0E00B525A4 /* Lzma2Dec.h */,
				AE71044F1C112A0E00B525A4 /* Lzma2Enc.c */,
				AE7104501C112A0E00B525A4 /* Lzma2Enc.h */,
				AE7104511C112A0E00B525A4 /* Lzma86.h */,
				AE7104521C112A0E00B525A4 /* Lzma86Dec.c */,
				AE7104531C112A0E00B525A4 /* Lzma86Enc.c */,
				AE7104541C112A0E00B525A4 /* LzmaDec.c */,
				AE7104551C112A0E00B525A4 /* LzmaDec.h */,
				AE7104561C112A0E00B525A4 /* LzmaEnc.c */,
				AE7104571C112A0E00B525A4 /* LzmaEnc.h */,
				AE7104581C112A0E00B525A4 /* LzmaLib.c */,
				AE7104591C112A0E00B525A4 /* LzmaLib.h */,
				AE71045A1C112A0E00B525A4 /* Ppmd.h */,
				AE71045B1C112A0E00B525A4 /* Ppmd7.c */,
				AE71045C1C112A0E00B525A4 /* Ppmd7.h */,
				AE71045D1C112A0E00B525A4 /* Ppmd7Dec.c */,
				AE71045E1C112A0E00B525A4 /* Ppmd7Enc.c */,
				AE71045F1C112A0E00B525A4 /* RotateDefs.h */,
				AE7104601C112A0E00B525A4 /* Sha256.c */,
				AE7104611C112A0E00B525A4 /* Sha256.h */,
				AE7104621C112A0E00B525A4 /* Types.h */,
				AE7104631C112A0E00B525A4 /* Xz.c */,
				AE7104641C112A0E00B525A4 /* Xz.h */,
				AE7104651C112A0E00B525A4 /* XzCrc64.c */,
				AE7104661C112A0E00B525A4 /* XzCrc64.h */,
				AE7104671C112A0E00B525A4 /* XzDec.c */,
				AE7104681C112A0E00B525A4 /* XzEnc.c */,
				AE7104691C112A0E00B525A4 /* XzEnc.h */,
				AE71046A1C112A0E00B525A4 /* XzIn.c */,
			);
			name = lzma;
			sourceTree = "<group>";
		};
		AE75C0CA1C0FDBA900A839A2 /* tween */ = {
			isa = PBXGroup;
			children = (
				AE75C0CC1C0FDBC700A839A2 /* easing.c */,
				AE75C0CD1C0FDBC700A839A2 /* easing.h */,
				AE75C0CE1C0FDBC700A839A2 /* leasing.c */,
			);
			name = tween;
			sourceTree = "<group>";
		};
		AE9DDFA21A8DAFE90085776F = {
			isa = PBXGroup;
			children = (
				AE9DE46D1A8E094A0085776F /* Frameworks */,
				AE9DDFAD1A8DAFE90085776F /* ejoy2dx */,
				AE9DDFAC1A8DAFE90085776F /* Products */,
			);
			sourceTree = "<group>";
		};
		AE9DDFAC1A8DAFE90085776F /* Products */ = {
			isa = PBXGroup;
			children = (
				AE9DDFAB1A8DAFE90085776F /* libejoy2dx.a */,
			);
			name = Products;
			sourceTree = "<group>";
		};
		AE9DDFAD1A8DAFE90085776F /* ejoy2dx */ = {
			isa = PBXGroup;
			children = (
				AE9DE6871A8F2EAC0085776F /* ejoy2dx */,
				AE9DE4781A8E0A3A0085776F /* ejoy2d */,
				AE9DE6AE1A8F31220085776F /* PrefixHeader.pch */,
			);
			path = ejoy2dx;
			sourceTree = "<group>";
		};
		AE9DE46D1A8E094A0085776F /* Frameworks */ = {
			isa = PBXGroup;
			children = (
				AE9DE6AC1A8F30800085776F /* Foundation.framework */,
				AE9DE46E1A8E09580085776F /* lua.xcodeproj */,
			);
			name = Frameworks;
			sourceTree = "<group>";
		};
		AE9DE46F1A8E09580085776F /* Products */ = {
			isa = PBXGroup;
			children = (
				AE9DE4741A8E09580085776F /* liblua.a */,
			);
			name = Products;
			sourceTree = "<group>";
		};
		AE9DE4781A8E0A3A0085776F /* ejoy2d */ = {
			isa = PBXGroup;
			children = (
				AE5C16E41B5E4DAB00666B0E /* lutls.c */,
				AE5C16E51B5E4DAB00666B0E /* lutls.h */,
				AE5C16E11B4FCA4F00666B0E /* lgeometry.c */,
				AE9DE5F21A8F21F60085776F /* array.h */,
				AE9DE5F31A8F21F60085776F /* dfont.c */,
				AE9DE5F41A8F21F60085776F /* dfont.h */,
				AE9DE5F51A8F21F60085776F /* ejoy2d.h */,
				AE9DE5F61A8F21F60085776F /* ejoy2dgame.c */,
				AE9DE5F71A8F21F60085776F /* ejoy2dgame.h */,
				AE9DE5F81A8F21F60085776F /* fault.c */,
				AE9DE5F91A8F21F60085776F /* fault.h */,
				AE9DE5FA1A8F21F60085776F /* label.c */,
				AE9DE5FB1A8F21F60085776F /* label.h */,
				AE9DE5FC1A8F21F60085776F /* list.h */,
				AE9DE5FD1A8F21F60085776F /* lmatrix.c */,
				AE9DE5FE1A8F21F60085776F /* lmatrix.h */,
				AE9DE5FF1A8F21F60085776F /* lparticle.c */,
				AE9DE6001A8F21F60085776F /* lrenderbuffer.c */,
				AE9DE6011A8F21F60085776F /* lrenderbuffer.h */,
				AE9DE6021A8F21F60085776F /* lshader.c */,
				AE9DE6031A8F21F60085776F /* lsprite.c */,
				AE9DE6041A8F21F60085776F /* material.h */,
				AE9DE6051A8F21F60085776F /* matrix.c */,
				AE9DE6061A8F21F60085776F /* matrix.h */,
				AE9DE6071A8F21F60085776F /* opengl.h */,
				AE9DE6081A8F21F60085776F /* particle.c */,
				AE9DE6091A8F21F60085776F /* particle.h */,
				AE9DE60A1A8F21F60085776F /* platform_print.h */,
				AE9DE60B1A8F21F60085776F /* ppm.c */,
				AE9DE60C1A8F21F60085776F /* ppm.h */,
				AE9DE60D1A8F21F60085776F /* renderbuffer.c */,
				AE9DE60E1A8F21F60085776F /* renderbuffer.h */,
				AE9DE60F1A8F21F60085776F /* scissor.c */,
				AE9DE6101A8F21F60085776F /* scissor.h */,
				AE9DE6111A8F21F60085776F /* screen.c */,
				AE9DE6121A8F21F60085776F /* screen.h */,
				AE9DE6131A8F21F60085776F /* screenshot.c */,
				AE9DE6141A8F21F60085776F /* screenshot.h */,
				AE9DE6151A8F21F60085776F /* shader.c */,
				AE9DE6161A8F21F60085776F /* shader.h */,
				AE9DE6171A8F21F60085776F /* sprite.c */,
				AE9DE6181A8F21F60085776F /* sprite.h */,
				AE9DE6191A8F21F60085776F /* spritepack.c */,
				AE9DE61A1A8F21F70085776F /* spritepack.h */,
				AE9DE61B1A8F21F70085776F /* texture.c */,
				AE9DE61C1A8F21F70085776F /* texture.h */,
				AE9DE4CF1A8E0A5C0085776F /* render */,
			);
			name = ejoy2d;
			sourceTree = "<group>";
		};
		AE9DE4CF1A8E0A5C0085776F /* render */ = {
			isa = PBXGroup;
			children = (
				AE9DE6481A8F220C0085776F /* blendmode.h */,
				AE9DE6491A8F220C0085776F /* block.h */,
				AE9DE64A1A8F220C0085776F /* carray.c */,
				AE9DE64B1A8F220C0085776F /* carray.h */,
				AE9DE64C1A8F220C0085776F /* log.c */,
				AE9DE64D1A8F220C0085776F /* log.h */,
				AE9DE64E1A8F220C0085776F /* render.c */,
				AE9DE64F1A8F220C0085776F /* render.h */,
			);
			name = render;
			sourceTree = "<group>";
		};
		AE9DE6871A8F2EAC0085776F /* ejoy2dx */ = {
			isa = PBXGroup;
			children = (
				AEEA432F1DB7747E0000998B /* yaml */,
				AE7104371C1129E900B525A4 /* lzma */,
				AE75C0CA1C0FDBA900A839A2 /* tween */,
				AED31F341BE3435E00763B22 /* Liekkas */,
				E6E8D4341B7E40870049F8AC /* sproto */,
				E6E8D4311B7E3F470049F8AC /* socket */,
				AE9DE6A31A8F2F440085776F /* platform_ios */,
				AE9DE6961A8F2F2C0085776F /* platform */,
				AE9DE68F1A8F2F010085776F /* image */,
				AE9DE6881A8F2EBB0085776F /* utls */,
			);
			name = ejoy2dx;
			sourceTree = "<group>";
		};
		AE9DE6881A8F2EBB0085776F /* utls */ = {
			isa = PBXGroup;
			children = (
				E6E8D43B1B7E41030049F8AC /* lcrypt.c */,
				E6E8D43C1B7E41030049F8AC /* ltimesync.c */,
				E6E8D42B1B7E3EFA0049F8AC /* lpeg */,
				E6EFA5371AB33AC600D42B66 /* lmonitor.c */,
				AE9DE6891A8F2EE90085776F /* lualibs.c */,
				AE9DE68A1A8F2EE90085776F /* lualibs.h */,
				AE9DE68B1A8F2EE90085776F /* serialize.c */,
			);
			name = utls;
			sourceTree = "<group>";
		};
		AE9DE68F1A8F2F010085776F /* image */ = {
			isa = PBXGroup;
			children = (
				AE9DE6901A8F2F160085776F /* image.c */,
				AE9DE6911A8F2F160085776F /* stb_image_write.h */,
				AE9DE6921A8F2F160085776F /* stb_image.h */,
			);
			name = image;
			sourceTree = "<group>";
		};
		AE9DE6961A8F2F2C0085776F /* platform */ = {
			isa = PBXGroup;
			children = (
				AE9DE6971A8F2F3F0085776F /* debug_log.h */,
				AE9DE6981A8F2F3F0085776F /* filesystem.h */,
				AE9DE6991A8F2F3F0085776F /* lhttplib.h */,
				AE9DE69A1A8F2F3F0085776F /* liosutil.h */,
				AE9DE69B1A8F2F3F0085776F /* platform_init.h */,
				AE9DE69C1A8F2F3F0085776F /* sound.h */,
			);
			name = platform;
			sourceTree = "<group>";
		};
		AE9DE6A31A8F2F440085776F /* platform_ios */ = {
			isa = PBXGroup;
			children = (
				AE421EC91ED4078A0085EDA6 /* platform_init.c */,
				AE9DE6A41A8F2F640085776F /* filesystem.c */,
				AE9DE6A51A8F2F640085776F /* font.m */,
				AE9DE6A61A8F2F640085776F /* liosutil.m */,
			);
			name = platform_ios;
			sourceTree = "<group>";
		};
		AED31F341BE3435E00763B22 /* Liekkas */ = {
			isa = PBXGroup;
			children = (
				AE421EC61ED406C00085EDA6 /* openal */,
				AE421EC31ED406500085EDA6 /* bgm */,
				AE421EB71ED406210085EDA6 /* lk_bgm.c */,
				AE421EB81ED406210085EDA6 /* lk_decode.c */,
				AE421EB91ED406210085EDA6 /* lk_decode.h */,
				AE421EBA1ED406210085EDA6 /* lk_util.c */,
				AE421EBB1ED406210085EDA6 /* lk_util.h */,
				AED31F361BE3436900763B22 /* decode */,
			);
			name = Liekkas;
			sourceTree = "<group>";
		};
		AED31F361BE3436900763B22 /* decode */ = {
			isa = PBXGroup;
			children = (
				AED31F381BE3439800763B22 /* ad_mp3.c */,
				AED31F391BE3439800763B22 /* ad_ogg.c */,
				AED31F3A1BE3439800763B22 /* ad_tools.c */,
				AED31F3B1BE3439800763B22 /* ad_wav.c */,
			);
			name = decode;
			sourceTree = "<group>";
		};
		AEEA432F1DB7747E0000998B /* yaml */ = {
			isa = PBXGroup;
			children = (
				AEEA43311DB7749F0000998B /* emitter_wrap.c */,
				AEEA43321DB7749F0000998B /* lyaml.c */,
				AEEA43331DB7749F0000998B /* lyaml.h */,
				AEEA43341DB7749F0000998B /* parser_wrap.c */,
				AEEA43351DB7749F0000998B /* scanner_wrap.c */,
				AEEA43361DB7749F0000998B /* yaml */,
			);
			name = yaml;
			sourceTree = "<group>";
		};
		AEEA43361DB7749F0000998B /* yaml */ = {
			isa = PBXGroup;
			children = (
				AEEA43371DB7749F0000998B /* api.c */,
				AEEA43381DB7749F0000998B /* config.h */,
				AEEA43391DB7749F0000998B /* dumper.c */,
				AEEA433A1DB7749F0000998B /* emitter.c */,
				AEEA433B1DB7749F0000998B /* loader.c */,
				AEEA433C1DB7749F0000998B /* parser.c */,
				AEEA433D1DB7749F0000998B /* reader.c */,
				AEEA433E1DB7749F0000998B /* scanner.c */,
				AEEA433F1DB7749F0000998B /* writer.c */,
				AEEA43401DB7749F0000998B /* yaml.h */,
				AEEA43411DB7749F0000998B /* yaml_private.h */,
			);
			name = yaml;
			path = ../../../../../src/clib/lyaml/yaml;
			sourceTree = "<group>";
		};
		E6E8D42B1B7E3EFA0049F8AC /* lpeg */ = {
			isa = PBXGroup;
			children = (
				E6E8D42D1B7E3F240049F8AC /* lpeg.c */,
				E6E8D42E1B7E3F240049F8AC /* lpeg.h */,
			);
			name = lpeg;
			sourceTree = "<group>";
		};
		E6E8D4311B7E3F470049F8AC /* socket */ = {
			isa = PBXGroup;
			children = (
				E6E8D4321B7E406D0049F8AC /* lsocket.c */,
			);
			name = socket;
			sourceTree = "<group>";
		};
		E6E8D4341B7E40870049F8AC /* sproto */ = {
			isa = PBXGroup;
			children = (
				E6E8D4351B7E40BE0049F8AC /* lsproto.c */,
				E6E8D4361B7E40BE0049F8AC /* sproto.c */,
				E6E8D4371B7E40BE0049F8AC /* sproto.h */,
			);
			name = sproto;
			sourceTree = "<group>";
		};
/* End PBXGroup section */

/* Begin PBXHeadersBuildPhase section */
		AE9DE4771A8E0A330085776F /* Headers */ = {
			isa = PBXHeadersBuildPhase;
			buildActionMask = 2147483647;
			files = (
				AEEA43481DB7749F0000998B /* config.h in Headers */,
				AE7104721C112A0E00B525A4 /* Bra.h in Headers */,
				AE9DE6221A8F21F70085776F /* ejoy2dgame.h in Headers */,
				AE9DE6531A8F220D0085776F /* carray.h in Headers */,
				AE9DE6511A8F220C0085776F /* block.h in Headers */,
				AE7104821C112A0E00B525A4 /* Lzma2Enc.h in Headers */,
				AE9DE63B1A8F21F70085776F /* scissor.h in Headers */,
				AE9DE6371A8F21F70085776F /* ppm.h in Headers */,
				AE71047E1C112A0E00B525A4 /* LzHash.h in Headers */,
				AE9DE6291A8F21F70085776F /* lmatrix.h in Headers */,
				AE9DE63F1A8F21F70085776F /* screenshot.h in Headers */,
				AE75C0D01C0FDBC700A839A2 /* easing.h in Headers */,
				AE9DE6271A8F21F70085776F /* list.h in Headers */,
				AE9DE6471A8F21F70085776F /* texture.h in Headers */,
				AE71048C1C112A0E00B525A4 /* Ppmd.h in Headers */,
				AE71047D1C112A0E00B525A4 /* LzFind.h in Headers */,
				AE71048B1C112A0E00B525A4 /* LzmaLib.h in Headers */,
				AE9DE69D1A8F2F3F0085776F /* debug_log.h in Headers */,
				AEEA43441DB7749F0000998B /* lyaml.h in Headers */,
				AE9DE61F1A8F21F70085776F /* dfont.h in Headers */,
				AE9DE6341A8F21F70085776F /* particle.h in Headers */,
				AE9DE63D1A8F21F70085776F /* screen.h in Headers */,
				AE9DE6451A8F21F70085776F /* spritepack.h in Headers */,
				AE9DE6A21A8F2F3F0085776F /* sound.h in Headers */,
				AE7104911C112A0E00B525A4 /* RotateDefs.h in Headers */,
				AE9DE6311A8F21F70085776F /* matrix.h in Headers */,
				AEEA43501DB7749F0000998B /* yaml.h in Headers */,
				AE9DE6A01A8F2F3F0085776F /* liosutil.h in Headers */,
				AE9DE6501A8F220C0085776F /* blendmode.h in Headers */,
				AE9DE6241A8F21F70085776F /* fault.h in Headers */,
				AE9DE6941A8F2F160085776F /* stb_image_write.h in Headers */,
				AE9DE62F1A8F21F70085776F /* material.h in Headers */,
				AE9DE6321A8F21F70085776F /* opengl.h in Headers */,
				AE9DE6A11A8F2F3F0085776F /* platform_init.h in Headers */,
				AE7104701C112A0E00B525A4 /* Bcj2.h in Headers */,
				AE9DE69E1A8F2F3F0085776F /* filesystem.h in Headers */,
				AE9DE6571A8F220D0085776F /* render.h in Headers */,
				AE9DE6411A8F21F70085776F /* shader.h in Headers */,
				E6E8D4301B7E3F240049F8AC /* lpeg.h in Headers */,
				AE9DE69F1A8F2F3F0085776F /* lhttplib.h in Headers */,
				AE7104941C112A0E00B525A4 /* Types.h in Headers */,
				AE7104931C112A0E00B525A4 /* Sha256.h in Headers */,
				AE7104871C112A0E00B525A4 /* LzmaDec.h in Headers */,
				AE71046C1C112A0E00B525A4 /* 7zCrc.h in Headers */,
				AE421EC01ED406210085EDA6 /* lk_util.h in Headers */,
				AE9DE6351A8F21F70085776F /* platform_print.h in Headers */,
				AE7104961C112A0E00B525A4 /* Xz.h in Headers */,
				E6E8D43A1B7E40BE0049F8AC /* sproto.h in Headers */,
				AE421EBE1ED406210085EDA6 /* lk_decode.h in Headers */,
				AE9DE6951A8F2F160085776F /* stb_image.h in Headers */,
				AE7104801C112A0E00B525A4 /* Lzma2Dec.h in Headers */,
				AE9DE6261A8F21F70085776F /* label.h in Headers */,
				AE7104831C112A0E00B525A4 /* Lzma86.h in Headers */,
				AE9DE68D1A8F2EE90085776F /* lualibs.h in Headers */,
				AE7104981C112A0E00B525A4 /* XzCrc64.h in Headers */,
				AEEA43511DB7749F0000998B /* yaml_private.h in Headers */,
				AE7104781C112A0E00B525A4 /* Delta.h in Headers */,
				AE71049B1C112A0E00B525A4 /* XzEnc.h in Headers */,
				AE9DE6551A8F220D0085776F /* log.h in Headers */,
				AE9DE6201A8F21F70085776F /* ejoy2d.h in Headers */,
				AE71048E1C112A0E00B525A4 /* Ppmd7.h in Headers */,
				AE9DE62C1A8F21F70085776F /* lrenderbuffer.h in Headers */,
				AE7104891C112A0E00B525A4 /* LzmaEnc.h in Headers */,
				AE71047B1C112A0E00B525A4 /* LzAlloc.h in Headers */,
				AE9DE6431A8F21F70085776F /* sprite.h in Headers */,
				AE5C16E71B5E4DAB00666B0E /* lutls.h in Headers */,
				AE7104761C112A0E00B525A4 /* CpuArch.h in Headers */,
				AE9DE6391A8F21F70085776F /* renderbuffer.h in Headers */,
				AE9DE61D1A8F21F70085776F /* array.h in Headers */,
			);
			runOnlyForDeploymentPostprocessing = 0;
		};
/* End PBXHeadersBuildPhase section */

/* Begin PBXNativeTarget section */
		AE9DDFAA1A8DAFE90085776F /* ejoy2dx */ = {
			isa = PBXNativeTarget;
			buildConfigurationList = AE9DDFBF1A8DAFE90085776F /* Build configuration list for PBXNativeTarget "ejoy2dx" */;
			buildPhases = (
				AE9DDFA71A8DAFE90085776F /* Sources */,
				AE9DDFA81A8DAFE90085776F /* Frameworks */,
				AE9DDFA91A8DAFE90085776F /* CopyFiles */,
				AE9DE4771A8E0A330085776F /* Headers */,
				AE9DE65B1A8F23D00085776F /* Prepare Framework */,
			);
			buildRules = (
			);
			dependencies = (
				AE9DE6AB1A8F2FC40085776F /* PBXTargetDependency */,
			);
			name = ejoy2dx;
			productName = ejoy2dx;
			productReference = AE9DDFAB1A8DAFE90085776F /* libejoy2dx.a */;
			productType = "com.apple.product-type.library.static";
		};
/* End PBXNativeTarget section */

/* Begin PBXProject section */
		AE9DDFA31A8DAFE90085776F /* Project object */ = {
			isa = PBXProject;
			attributes = {
				LastUpgradeCheck = 0610;
				ORGANIZATIONNAME = rainfiel;
				TargetAttributes = {
					AE9DDFAA1A8DAFE90085776F = {
						CreatedOnToolsVersion = 6.1;
					};
					AE9DE65C1A8F27780085776F = {
						CreatedOnToolsVersion = 6.1;
					};
				};
			};
			buildConfigurationList = AE9DDFA61A8DAFE90085776F /* Build configuration list for PBXProject "ejoy2dx" */;
			compatibilityVersion = "Xcode 3.2";
			developmentRegion = English;
			hasScannedForEncodings = 0;
			knownRegions = (
				en,
			);
			mainGroup = AE9DDFA21A8DAFE90085776F;
			productRefGroup = AE9DDFAC1A8DAFE90085776F /* Products */;
			projectDirPath = "";
			projectReferences = (
				{
					ProductGroup = AE9DE46F1A8E09580085776F /* Products */;
					ProjectRef = AE9DE46E1A8E09580085776F /* lua.xcodeproj */;
				},
			);
			projectRoot = "";
			targets = (
				AE9DDFAA1A8DAFE90085776F /* ejoy2dx */,
				AE9DE65C1A8F27780085776F /* Ejoy2dxFramework */,
			);
		};
/* End PBXProject section */

/* Begin PBXReferenceProxy section */
		AE9DE4741A8E09580085776F /* liblua.a */ = {
			isa = PBXReferenceProxy;
			fileType = archive.ar;
			path = liblua.a;
			remoteRef = AE9DE4731A8E09580085776F /* PBXContainerItemProxy */;
			sourceTree = BUILT_PRODUCTS_DIR;
		};
/* End PBXReferenceProxy section */

/* Begin PBXShellScriptBuildPhase section */
		AE9DE65B1A8F23D00085776F /* Prepare Framework */ = {
			isa = PBXShellScriptBuildPhase;
			buildActionMask = 2147483647;
			files = (
			);
			inputPaths = (
			);
			name = "Prepare Framework";
			outputPaths = (
			);
			runOnlyForDeploymentPostprocessing = 0;
			shellPath = /bin/sh;
			shellScript = "set -e\n\nmkdir -p \"${BUILT_PRODUCTS_DIR}/${PRODUCT_NAME}.framework/Versions/${FRAMEWORK_VERSION}/Headers\"\n\n# Link the \"Current\" version to \"${FRAMEWORK_VERSION}\"\nln -sfh ${FRAMEWORK_VERSION} \"${BUILT_PRODUCTS_DIR}/${PRODUCT_NAME}.framework/Versions/Current\"\nln -sfh Versions/Current/Headers \"${BUILT_PRODUCTS_DIR}/${PRODUCT_NAME}.framework/Headers\"\nln -sfh \"Versions/Current/${PRODUCT_NAME}\" \"${BUILT_PRODUCTS_DIR}/${PRODUCT_NAME}.framework/${PRODUCT_NAME}\"\n\n# The -a ensures that the headers maintain the source modification date so that we don't constantly\n# cause propagating rebuilds of files that import these headers.\ncp -a \"${TARGET_BUILD_DIR}/${PUBLIC_HEADERS_FOLDER_PATH}/\" \"${BUILT_PRODUCTS_DIR}/${PRODUCT_NAME}.framework/Versions/${FRAMEWORK_VERSION}/Headers\"\n";
		};
		AE9DE6641A8F27990085776F /* Build Framework */ = {
			isa = PBXShellScriptBuildPhase;
			buildActionMask = 2147483647;
			files = (
			);
			inputPaths = (
			);
			name = "Build Framework";
			outputPaths = (
			);
			runOnlyForDeploymentPostprocessing = 0;
			shellPath = /bin/sh;
			shellScript = "set -e\nset +u\n# Avoid recursively calling this script.\nif [[ $SF_MASTER_SCRIPT_RUNNING ]]\nthen\nexit 0\nfi\nset -u\nexport SF_MASTER_SCRIPT_RUNNING=1\n\nSF_TARGET_NAME=${PROJECT_NAME}\nSF_EXECUTABLE_PATH=\"lib${SF_TARGET_NAME}.a\"\nSF_WRAPPER_NAME=\"${SF_TARGET_NAME}.framework\"\n\n# The following conditionals come from\n# https://github.com/kstenerud/iOS-Universal-Framework\n\nif [[ \"$SDK_NAME\" =~ ([A-Za-z]+) ]]\nthen\nSF_SDK_PLATFORM=${BASH_REMATCH[1]}\nelse\necho \"Could not find platform name from SDK_NAME: $SDK_NAME\"\nexit 1\nfi\n\nif [[ \"$SDK_NAME\" =~ ([0-9]+.*$) ]]\nthen\nSF_SDK_VERSION=${BASH_REMATCH[1]}\nelse\necho \"Could not find sdk version from SDK_NAME: $SDK_NAME\"\nexit 1\nfi\n\nif [[ \"$SF_SDK_PLATFORM\" = \"iphoneos\" ]]\nthen\nSF_OTHER_PLATFORM=iphonesimulator\nelse\nSF_OTHER_PLATFORM=iphoneos\nfi\n\nif [[ \"$BUILT_PRODUCTS_DIR\" =~ (.*)$SF_SDK_PLATFORM$ ]]\nthen\nSF_OTHER_BUILT_PRODUCTS_DIR=\"${BASH_REMATCH[1]}${SF_OTHER_PLATFORM}\"\nelse\necho \"Could not find platform name from build products directory: $BUILT_PRODUCTS_DIR\"\nexit 1\nfi\n\n# Build the other platform.\nxcodebuild -project \"${PROJECT_FILE_PATH}\" -target \"${TARGET_NAME}\" -configuration \"${CONFIGURATION}\" -sdk ${SF_OTHER_PLATFORM}${SF_SDK_VERSION} BUILD_DIR=\"${BUILD_DIR}\" OBJROOT=\"${OBJROOT}\" BUILD_ROOT=\"${BUILD_ROOT}\" SYMROOT=\"${SYMROOT}\" $ACTION\n\n# Smash the two static libraries into one fat binary and store it in the .framework\nlipo -create \"${BUILT_PRODUCTS_DIR}/${SF_EXECUTABLE_PATH}\" \"${SF_OTHER_BUILT_PRODUCTS_DIR}/${SF_EXECUTABLE_PATH}\" -output \"${BUILT_PRODUCTS_DIR}/${SF_WRAPPER_NAME}/Versions/${FRAMEWORK_VERSION}/${SF_TARGET_NAME}\"\n\n# Copy the binary to the other architecture folder to have a complete framework in both.\ncp -a \"${BUILT_PRODUCTS_DIR}/${SF_WRAPPER_NAME}/Versions/${FRAMEWORK_VERSION}/${SF_TARGET_NAME}\" \"${SF_OTHER_BUILT_PRODUCTS_DIR}/${SF_WRAPPER_NAME}/Versions/${FRAMEWORK_VERSION}/${SF_TARGET_NAME}\"\n";
		};
/* End PBXShellScriptBuildPhase section */

/* Begin PBXSourcesBuildPhase section */
		AE9DDFA71A8DAFE90085776F /* Sources */ = {
			isa = PBXSourcesBuildPhase;
			buildActionMask = 2147483647;
			files = (
				AE9DE6A91A8F2F640085776F /* liosutil.m in Sources */,
				AE7104811C112A0E00B525A4 /* Lzma2Enc.c in Sources */,
				AE421EBD1ED406210085EDA6 /* lk_decode.c in Sources */,
				AE71047F1C112A0E00B525A4 /* Lzma2Dec.c in Sources */,
				E6E8D43D1B7E41030049F8AC /* lcrypt.c in Sources */,
				AE9DE6251A8F21F70085776F /* label.c in Sources */,
				AE9DE6561A8F220D0085776F /* render.c in Sources */,
				AEEA434A1DB7749F0000998B /* emitter.c in Sources */,
				AE7104991C112A0E00B525A4 /* XzDec.c in Sources */,
				AE7104851C112A0E00B525A4 /* Lzma86Enc.c in Sources */,
				AE7104841C112A0E00B525A4 /* Lzma86Dec.c in Sources */,
				AE421EBC1ED406210085EDA6 /* lk_bgm.c in Sources */,
				AE421ECA1ED4078A0085EDA6 /* platform_init.c in Sources */,
				AE7104751C112A0E00B525A4 /* CpuArch.c in Sources */,
				AE9DE6281A8F21F70085776F /* lmatrix.c in Sources */,
				AED31F3D1BE3439800763B22 /* ad_mp3.c in Sources */,
				AE71048A1C112A0E00B525A4 /* LzmaLib.c in Sources */,
				AEEA43491DB7749F0000998B /* dumper.c in Sources */,
				E6E8D4391B7E40BE0049F8AC /* sproto.c in Sources */,
				AEEA43421DB7749F0000998B /* emitter_wrap.c in Sources */,
				AE9DE62A1A8F21F70085776F /* lparticle.c in Sources */,
				AEEA43461DB7749F0000998B /* scanner_wrap.c in Sources */,
				E6EFA5381AB33AC600D42B66 /* lmonitor.c in Sources */,
				AE9DE6331A8F21F70085776F /* particle.c in Sources */,
				AE71049A1C112A0E00B525A4 /* XzEnc.c in Sources */,
				AEEA43451DB7749F0000998B /* parser_wrap.c in Sources */,
				AE9DE6401A8F21F70085776F /* shader.c in Sources */,
				AE71049C1C112A0E00B525A4 /* XzIn.c in Sources */,
				AE9DE6361A8F21F70085776F /* ppm.c in Sources */,
				AE71046D1C112A0E00B525A4 /* 7zCrcOpt.c in Sources */,
				AED31F3E1BE3439800763B22 /* ad_ogg.c in Sources */,
				AE9DE6A71A8F2F640085776F /* filesystem.c in Sources */,
				AEEA434F1DB7749F0000998B /* writer.c in Sources */,
				AE9DE6A81A8F2F640085776F /* font.m in Sources */,
				AE7104951C112A0E00B525A4 /* Xz.c in Sources */,
				AE9DE6381A8F21F70085776F /* renderbuffer.c in Sources */,
				AE421EC81ED406D20085EDA6 /* oal.c in Sources */,
				AEEA43471DB7749F0000998B /* api.c in Sources */,
				AE5C16E61B5E4DAB00666B0E /* lutls.c in Sources */,
				E6E8D42F1B7E3F240049F8AC /* lpeg.c in Sources */,
				AEEA434B1DB7749F0000998B /* loader.c in Sources */,
				AE9DE62E1A8F21F70085776F /* lsprite.c in Sources */,
				AE75C0D11C0FDBC700A839A2 /* leasing.c in Sources */,
				AE7104711C112A0E00B525A4 /* Bra.c in Sources */,
				AE71047A1C112A0E00B525A4 /* LzAlloc.c in Sources */,
				AE9DE63A1A8F21F70085776F /* scissor.c in Sources */,
				AE9DE6231A8F21F70085776F /* fault.c in Sources */,
				AE7104791C112A0E00B525A4 /* llzma.c in Sources */,
				AE5C16E21B4FCA4F00666B0E /* lgeometry.c in Sources */,
				AE7104741C112A0E00B525A4 /* BraIA64.c in Sources */,
				AE9DE63C1A8F21F70085776F /* screen.c in Sources */,
				AE71046F1C112A0E00B525A4 /* Bcj2.c in Sources */,
				AE9DE68E1A8F2EE90085776F /* serialize.c in Sources */,
				AE9DE6461A8F21F70085776F /* texture.c in Sources */,
				AE421EC51ED406640085EDA6 /* bgm_ios.m in Sources */,
				AE7104881C112A0E00B525A4 /* LzmaEnc.c in Sources */,
				AE9DE6301A8F21F70085776F /* matrix.c in Sources */,
				AE75C0CF1C0FDBC700A839A2 /* easing.c in Sources */,
				AED31F3F1BE3439800763B22 /* ad_tools.c in Sources */,
				AE9DE62D1A8F21F70085776F /* lshader.c in Sources */,
				E6E8D4331B7E406D0049F8AC /* lsocket.c in Sources */,
				AE71046B1C112A0E00B525A4 /* 7zCrc.c in Sources */,
				AE9DE63E1A8F21F70085776F /* screenshot.c in Sources */,
				AE9DE61E1A8F21F70085776F /* dfont.c in Sources */,
				E6E8D4381B7E40BE0049F8AC /* lsproto.c in Sources */,
				AE9DE6421A8F21F70085776F /* sprite.c in Sources */,
				AE9DE62B1A8F21F70085776F /* lrenderbuffer.c in Sources */,
				AE7104731C112A0E00B525A4 /* Bra86.c in Sources */,
				AE7104971C112A0E00B525A4 /* XzCrc64.c in Sources */,
				AE71048D1C112A0E00B525A4 /* Ppmd7.c in Sources */,
				AE9DE6521A8F220D0085776F /* carray.c in Sources */,
				AE9DE6541A8F220D0085776F /* log.c in Sources */,
				AEEA434D1DB7749F0000998B /* reader.c in Sources */,
				AE7104921C112A0E00B525A4 /* Sha256.c in Sources */,
				AE9DE6211A8F21F70085776F /* ejoy2dgame.c in Sources */,
				AEEA434C1DB7749F0000998B /* parser.c in Sources */,
				AE71047C1C112A0E00B525A4 /* LzFind.c in Sources */,
				AE9DE6931A8F2F160085776F /* image.c in Sources */,
				AEEA434E1DB7749F0000998B /* scanner.c in Sources */,
				AEEA43431DB7749F0000998B /* lyaml.c in Sources */,
				AE9DE68C1A8F2EE90085776F /* lualibs.c in Sources */,
				AE7104771C112A0E00B525A4 /* Delta.c in Sources */,
				AE7104861C112A0E00B525A4 /* LzmaDec.c in Sources */,
				E6E8D43E1B7E41030049F8AC /* ltimesync.c in Sources */,
				AE7104901C112A0E00B525A4 /* Ppmd7Enc.c in Sources */,
				AED31F401BE3439800763B22 /* ad_wav.c in Sources */,
				AE421EBF1ED406210085EDA6 /* lk_util.c in Sources */,
				AE71046E1C112A0E00B525A4 /* 7zStream.c in Sources */,
				AE9DE6441A8F21F70085776F /* spritepack.c in Sources */,
				AE71048F1C112A0E00B525A4 /* Ppmd7Dec.c in Sources */,
			);
			runOnlyForDeploymentPostprocessing = 0;
		};
/* End PBXSourcesBuildPhase section */

/* Begin PBXTargetDependency section */
		AE9DE6611A8F27880085776F /* PBXTargetDependency */ = {
			isa = PBXTargetDependency;
			target = AE9DDFAA1A8DAFE90085776F /* ejoy2dx */;
			targetProxy = AE9DE6601A8F27880085776F /* PBXContainerItemProxy */;
		};
		AE9DE6631A8F278E0085776F /* PBXTargetDependency */ = {
			isa = PBXTargetDependency;
			name = lua;
			targetProxy = AE9DE6621A8F278E0085776F /* PBXContainerItemProxy */;
		};
		AE9DE6AB1A8F2FC40085776F /* PBXTargetDependency */ = {
			isa = PBXTargetDependency;
			name = lua;
			targetProxy = AE9DE6AA1A8F2FC40085776F /* PBXContainerItemProxy */;
		};
/* End PBXTargetDependency section */

/* Begin XCBuildConfiguration section */
		AE9DDFBD1A8DAFE90085776F /* Debug */ = {
			isa = XCBuildConfiguration;
			buildSettings = {
				ALWAYS_SEARCH_USER_PATHS = NO;
				CLANG_CXX_LANGUAGE_STANDARD = "gnu++0x";
				CLANG_CXX_LIBRARY = "libc++";
				CLANG_ENABLE_MODULES = YES;
				CLANG_ENABLE_OBJC_ARC = YES;
				CLANG_WARN_BOOL_CONVERSION = YES;
				CLANG_WARN_CONSTANT_CONVERSION = YES;
				CLANG_WARN_DIRECT_OBJC_ISA_USAGE = YES_ERROR;
				CLANG_WARN_EMPTY_BODY = YES;
				CLANG_WARN_ENUM_CONVERSION = YES;
				CLANG_WARN_INT_CONVERSION = YES;
				CLANG_WARN_OBJC_ROOT_CLASS = YES_ERROR;
				CLANG_WARN_UNREACHABLE_CODE = YES;
				CLANG_WARN__DUPLICATE_METHOD_MATCH = YES;
				COPY_PHASE_STRIP = NO;
				ENABLE_STRICT_OBJC_MSGSEND = YES;
				GCC_C_LANGUAGE_STANDARD = gnu99;
				GCC_DYNAMIC_NO_PIC = NO;
				GCC_OPTIMIZATION_LEVEL = 0;
				GCC_PREPROCESSOR_DEFINITIONS = (
					"DEBUG=1",
					"$(inherited)",
					"EJOY2D_OS=IOS",
				);
				GCC_SYMBOLS_PRIVATE_EXTERN = NO;
				GCC_WARN_64_TO_32_BIT_CONVERSION = YES;
				GCC_WARN_ABOUT_RETURN_TYPE = YES_ERROR;
				GCC_WARN_UNDECLARED_SELECTOR = YES;
				GCC_WARN_UNINITIALIZED_AUTOS = YES_AGGRESSIVE;
				GCC_WARN_UNUSED_FUNCTION = YES;
				GCC_WARN_UNUSED_VARIABLE = YES;
				HEADER_SEARCH_PATHS = (
					"$(inherited)",
					/Applications/Xcode.app/Contents/Developer/Toolchains/XcodeDefault.xctoolchain/usr/include,
					../../../../../../ejoy2d/lua,
				);
				IPHONEOS_DEPLOYMENT_TARGET = 8.1;
				MTL_ENABLE_DEBUG_INFO = YES;
				ONLY_ACTIVE_ARCH = YES;
				SDKROOT = iphoneos;
				SKIP_INSTALL = YES;
				USER_HEADER_SEARCH_PATHS = "";
			};
			name = Debug;
		};
		AE9DDFBE1A8DAFE90085776F /* Release */ = {
			isa = XCBuildConfiguration;
			buildSettings = {
				ALWAYS_SEARCH_USER_PATHS = NO;
				CLANG_CXX_LANGUAGE_STANDARD = "gnu++0x";
				CLANG_CXX_LIBRARY = "libc++";
				CLANG_ENABLE_MODULES = YES;
				CLANG_ENABLE_OBJC_ARC = YES;
				CLANG_WARN_BOOL_CONVERSION = YES;
				CLANG_WARN_CONSTANT_CONVERSION = YES;
				CLANG_WARN_DIRECT_OBJC_ISA_USAGE = YES_ERROR;
				CLANG_WARN_EMPTY_BODY = YES;
				CLANG_WARN_ENUM_CONVERSION = YES;
				CLANG_WARN_INT_CONVERSION = YES;
				CLANG_WARN_OBJC_ROOT_CLASS = YES_ERROR;
				CLANG_WARN_UNREACHABLE_CODE = YES;
				CLANG_WARN__DUPLICATE_METHOD_MATCH = YES;
				COPY_PHASE_STRIP = YES;
				ENABLE_NS_ASSERTIONS = NO;
				ENABLE_STRICT_OBJC_MSGSEND = YES;
				GCC_C_LANGUAGE_STANDARD = gnu99;
				GCC_PREPROCESSOR_DEFINITIONS = "EJOY2D_OS=IOS";
				GCC_WARN_64_TO_32_BIT_CONVERSION = YES;
				GCC_WARN_ABOUT_RETURN_TYPE = YES_ERROR;
				GCC_WARN_UNDECLARED_SELECTOR = YES;
				GCC_WARN_UNINITIALIZED_AUTOS = YES_AGGRESSIVE;
				GCC_WARN_UNUSED_FUNCTION = YES;
				GCC_WARN_UNUSED_VARIABLE = YES;
				HEADER_SEARCH_PATHS = (
					"$(inherited)",
					/Applications/Xcode.app/Contents/Developer/Toolchains/XcodeDefault.xctoolchain/usr/include,
					../../../../../../ejoy2d/lua,
				);
				IPHONEOS_DEPLOYMENT_TARGET = 8.1;
				MTL_ENABLE_DEBUG_INFO = NO;
				SDKROOT = iphoneos;
				SKIP_INSTALL = YES;
				USER_HEADER_SEARCH_PATHS = "";
				VALIDATE_PRODUCT = YES;
			};
			name = Release;
		};
		AE9DDFC01A8DAFE90085776F /* Debug */ = {
			isa = XCBuildConfiguration;
			buildSettings = {
				COPY_PHASE_STRIP = NO;
				DEAD_CODE_STRIPPING = NO;
				DEBUG_INFORMATION_FORMAT = "dwarf-with-dsym";
				GCC_PREFIX_HEADER = ejoy2dx/PrefixHeader.pch;
				GCC_PREPROCESSOR_DEFINITIONS = (
					"DEBUG=1",
					"EJOY2D_OS=IOS",
				);
				HEADER_SEARCH_PATHS = (
					"$(inherited)",
					/Applications/Xcode.app/Contents/Developer/Toolchains/XcodeDefault.xctoolchain/usr/include,
					../../../../ejoy2d/lua,
				);
				IPHONEOS_DEPLOYMENT_TARGET = 5.1;
				ONLY_ACTIVE_ARCH = NO;
				OTHER_LDFLAGS = "-ObjC";
				PRODUCT_NAME = "$(TARGET_NAME)";
				PUBLIC_HEADERS_FOLDER_PATH = "$(PROJECT_NAME)Headers";
				SKIP_INSTALL = YES;
				STRIP_STYLE = "non-global";
			};
			name = Debug;
		};
		AE9DDFC11A8DAFE90085776F /* Release */ = {
			isa = XCBuildConfiguration;
			buildSettings = {
				COPY_PHASE_STRIP = NO;
				DEAD_CODE_STRIPPING = NO;
				DEBUG_INFORMATION_FORMAT = "dwarf-with-dsym";
				GCC_PREFIX_HEADER = ejoy2dx/PrefixHeader.pch;
				HEADER_SEARCH_PATHS = (
					"$(inherited)",
					/Applications/Xcode.app/Contents/Developer/Toolchains/XcodeDefault.xctoolchain/usr/include,
					../../../../ejoy2d/lua,
				);
				IPHONEOS_DEPLOYMENT_TARGET = 5.1;
				ONLY_ACTIVE_ARCH = NO;
				OTHER_LDFLAGS = "-ObjC";
				PRODUCT_NAME = "$(TARGET_NAME)";
				PUBLIC_HEADERS_FOLDER_PATH = "$(PROJECT_NAME)Headers";
				SKIP_INSTALL = YES;
				STRIP_STYLE = "non-global";
			};
			name = Release;
		};
		AE9DE65E1A8F27780085776F /* Debug */ = {
			isa = XCBuildConfiguration;
			buildSettings = {
				GCC_PREPROCESSOR_DEFINITIONS = (
					"EJOY2D_OS=IOS",
					"DEBUG=1",
				);
				PRODUCT_NAME = "$(TARGET_NAME)";
			};
			name = Debug;
		};
		AE9DE65F1A8F27780085776F /* Release */ = {
			isa = XCBuildConfiguration;
			buildSettings = {
				GCC_PREPROCESSOR_DEFINITIONS = "EJOY2D_OS=IOS";
				PRODUCT_NAME = "$(TARGET_NAME)";
			};
			name = Release;
		};
/* End XCBuildConfiguration section */

/* Begin XCConfigurationList section */
		AE9DDFA61A8DAFE90085776F /* Build configuration list for PBXProject "ejoy2dx" */ = {
			isa = XCConfigurationList;
			buildConfigurations = (
				AE9DDFBD1A8DAFE90085776F /* Debug */,
				AE9DDFBE1A8DAFE90085776F /* Release */,
			);
			defaultConfigurationIsVisible = 0;
			defaultConfigurationName = Release;
		};
		AE9DDFBF1A8DAFE90085776F /* Build configuration list for PBXNativeTarget "ejoy2dx" */ = {
			isa = XCConfigurationList;
			buildConfigurations = (
				AE9DDFC01A8DAFE90085776F /* Debug */,
				AE9DDFC11A8DAFE90085776F /* Release */,
			);
			defaultConfigurationIsVisible = 0;
			defaultConfigurationName = Release;
		};
		AE9DE65D1A8F27780085776F /* Build configuration list for PBXAggregateTarget "Ejoy2dxFramework" */ = {
			isa = XCConfigurationList;
			buildConfigurations = (
				AE9DE65E1A8F27780085776F /* Debug */,
				AE9DE65F1A8F27780085776F /* Release */,
			);
			defaultConfigurationIsVisible = 0;
			defaultConfigurationName = Release;
		};
/* End XCConfigurationList section */
	};
	rootObject = AE9DDFA31A8DAFE90085776F /* Project object */;
}
